<?xml version="1.0" encoding="utf-8"?>
<Project ToolsVersion="4.0" xmlns="http://schemas.microsoft.com/developer/msbuild/2003">
  <ItemGroup>
    <Filter Include="Voxel">
      <UniqueIdentifier>{6bd508a6-134e-4c9f-ae7c-bd4732ff4ce2}</UniqueIdentifier>
    </Filter>
    <Filter Include="Voxel\blocks">
      <UniqueIdentifier>{beab6c0f-9e4a-4c55-a7c7-b1e440c4de75}</UniqueIdentifier>
    </Filter>
    <Filter Include="Voxel\Renderer">
      <UniqueIdentifier>{a012ad5e-e5fc-4915-8529-751755b6d727}</UniqueIdentifier>
    </Filter>
    <Filter Include="Voxel\Maths">
      <UniqueIdentifier>{cab8f16a-7863-451b-9ee4-1ef4e3c723a9}</UniqueIdentifier>
    </Filter>
    <Filter Include="Voxel\tinythread">
      <UniqueIdentifier>{0aa4fe69-d806-4d1b-b19c-155e56405a38}</UniqueIdentifier>
    </Filter>
    <Filter Include="Voxel\glew">
      <UniqueIdentifier>{9efb4d6b-44ca-4e6b-9281-a64e55303f73}</UniqueIdentifier>
    </Filter>
    <Filter Include="Voxel\glew\include">
      <UniqueIdentifier>{74258543-9aff-4d7f-a9cb-99dd860c0106}</UniqueIdentifier>
    </Filter>
    <Filter Include="Voxel\glew\include\GL">
      <UniqueIdentifier>{72c0bbcc-4424-4479-a4af-4e378a6032be}</UniqueIdentifier>
    </Filter>
    <Filter Include="Voxel\glew\src">
      <UniqueIdentifier>{1876e1f3-4733-4cca-9a14-ebfec4558357}</UniqueIdentifier>
    </Filter>
    <Filter Include="Voxel\glm">
      <UniqueIdentifier>{d231d329-42b2-4d62-9494-bab1ad2016fe}</UniqueIdentifier>
    </Filter>
    <Filter Include="Voxel\glm\detail">
      <UniqueIdentifier>{cccc4594-a798-4e00-bed8-8c4685e65568}</UniqueIdentifier>
    </Filter>
    <Filter Include="Voxel\glm\gtc">
      <UniqueIdentifier>{ef76f45a-353f-479d-8a30-bc30fafc5a06}</UniqueIdentifier>
    </Filter>
    <Filter Include="Voxel\glm\gtx">
      <UniqueIdentifier>{82de7d3f-4c06-4e5b-8fa6-ee25a1650b81}</UniqueIdentifier>
    </Filter>
    <Filter Include="Voxel\libnoise">
      <UniqueIdentifier>{809982f8-96e1-45e7-ac18-386ec46c3643}</UniqueIdentifier>
    </Filter>
    <Filter Include="Voxel\libnoise\noise">
      <UniqueIdentifier>{d0373a11-967e-4d69-9921-ee40a9fc1215}</UniqueIdentifier>
    </Filter>
    <Filter Include="Voxel\libnoise\noise\model">
      <UniqueIdentifier>{8f66ecfa-6214-4e79-98a6-ccd20b64a68a}</UniqueIdentifier>
    </Filter>
    <Filter Include="Voxel\libnoise\noise\module">
      <UniqueIdentifier>{2e3daebc-c2f3-4bbb-86c6-4769f1ce47de}</UniqueIdentifier>
    </Filter>
    <Filter Include="Voxel\Player">
      <UniqueIdentifier>{bf482124-af66-49de-9d0b-38c2fe007393}</UniqueIdentifier>
    </Filter>
    <Filter Include="Voxel\simplex">
      <UniqueIdentifier>{a482fc1f-5fe2-4ae3-bcd0-d0982df1a6bd}</UniqueIdentifier>
    </Filter>
    <Filter Include="Voxel\ini">
      <UniqueIdentifier>{20b91fee-5ec9-49c9-99b9-ce7477569574}</UniqueIdentifier>
    </Filter>
    <Filter Include="Voxel\models">
      <UniqueIdentifier>{e3c7da8b-fa1f-40a2-bdb3-dd949be7c06a}</UniqueIdentifier>
    </Filter>
    <Filter Include="Voxel\freetype">
      <UniqueIdentifier>{8e5e21b4-be7f-4d54-a27e-38cac61e8f28}</UniqueIdentifier>
    </Filter>
    <Filter Include="Voxel\freetype\include">
      <UniqueIdentifier>{0fe1ebf9-f47f-484d-a1c9-b65537f28502}</UniqueIdentifier>
    </Filter>
    <Filter Include="Voxel\freetype\include\freetype">
      <UniqueIdentifier>{e55a2eaf-c341-47a8-bf8e-7233c1060cbc}</UniqueIdentifier>
    </Filter>
    <Filter Include="Voxel\freetype\include\freetype\internal">
      <UniqueIdentifier>{623acf9c-ce5a-40cf-b30a-c49d5e7c7244}</UniqueIdentifier>
    </Filter>
    <Filter Include="Voxel\freetype\include\freetype\internal\services">
      <UniqueIdentifier>{1a9c07d3-8dfe-48e9-b223-71273e970974}</UniqueIdentifier>
    </Filter>
    <Filter Include="Voxel\freetype\include\freetype\config">
      <UniqueIdentifier>{bf8be826-f277-4eb7-a349-73eb2491a2c7}</UniqueIdentifier>
    </Filter>
    <Filter Include="Voxel\utils">
      <UniqueIdentifier>{a5663086-7522-4c50-8b69-4a995b0e6518}</UniqueIdentifier>
    </Filter>
  </ItemGroup>
  <ItemGroup>
    <ClCompile Include="..\Laboratory\Voxel\VoxelLabMain.cpp">
      <Filter>Voxel</Filter>
    </ClCompile>
    <ClCompile Include="..\Laboratory\Voxel\VoxSettings.cpp">
      <Filter>Voxel</Filter>
    </ClCompile>
    <ClCompile Include="..\Laboratory\Voxel\blocks\BiomeManager.cpp">
      <Filter>Voxel\blocks</Filter>
    </ClCompile>
    <ClCompile Include="..\Laboratory\Voxel\blocks\Chunk.cpp">
      <Filter>Voxel\blocks</Filter>
    </ClCompile>
    <ClCompile Include="..\Laboratory\Voxel\blocks\ChunkManager.cpp">
      <Filter>Voxel\blocks</Filter>
    </ClCompile>
    <ClCompile Include="..\Laboratory\Voxel\Renderer\camera.cpp">
      <Filter>Voxel\Renderer</Filter>
    </ClCompile>
    <ClCompile Include="..\Laboratory\Voxel\Renderer\colour.cpp">
      <Filter>Voxel\Renderer</Filter>
    </ClCompile>
    <ClCompile Include="..\Laboratory\Voxel\Renderer\frustum.cpp">
      <Filter>Voxel\Renderer</Filter>
    </ClCompile>
    <ClCompile Include="..\Laboratory\Voxel\Renderer\glsl.cpp">
      <Filter>Voxel\Renderer</Filter>
    </ClCompile>
    <ClCompile Include="..\Laboratory\Voxel\Renderer\mesh.cpp">
      <Filter>Voxel\Renderer</Filter>
    </ClCompile>
    <ClCompile Include="..\Laboratory\Voxel\Renderer\Renderer.cpp">
      <Filter>Voxel\Renderer</Filter>
    </ClCompile>
    <ClCompile Include="..\Laboratory\Voxel\Renderer\texture.cpp">
      <Filter>Voxel\Renderer</Filter>
    </ClCompile>
    <ClCompile Include="..\Laboratory\Voxel\Renderer\tga.cpp">
      <Filter>Voxel\Renderer</Filter>
    </ClCompile>
    <ClCompile Include="..\Laboratory\Voxel\Maths\3dmaths.cpp">
      <Filter>Voxel\Maths</Filter>
    </ClCompile>
    <ClCompile Include="..\Laboratory\Voxel\Maths\Bezier3.cpp">
      <Filter>Voxel\Maths</Filter>
    </ClCompile>
    <ClCompile Include="..\Laboratory\Voxel\Maths\Bezier4.cpp">
      <Filter>Voxel\Maths</Filter>
    </ClCompile>
    <ClCompile Include="..\Laboratory\Voxel\Maths\Line3D.cpp">
      <Filter>Voxel\Maths</Filter>
    </ClCompile>
    <ClCompile Include="..\Laboratory\Voxel\Maths\matrix4x4.cpp">
      <Filter>Voxel\Maths</Filter>
    </ClCompile>
    <ClCompile Include="..\Laboratory\Voxel\Maths\Plane3D.cpp">
      <Filter>Voxel\Maths</Filter>
    </ClCompile>
    <ClCompile Include="..\Laboratory\Voxel\tinythread\tinythread.cpp">
      <Filter>Voxel\tinythread</Filter>
    </ClCompile>
    <ClCompile Include="..\Laboratory\Voxel\glew\src\glew.c">
      <Filter>Voxel\glew\src</Filter>
    </ClCompile>
    <ClCompile Include="..\Laboratory\Voxel\glm\detail\dummy.cpp">
      <Filter>Voxel\glm\detail</Filter>
    </ClCompile>
    <ClCompile Include="..\Laboratory\Voxel\glm\detail\glm.cpp">
      <Filter>Voxel\glm\detail</Filter>
    </ClCompile>
    <ClCompile Include="..\Laboratory\Voxel\libnoise\noiseutils.cpp">
      <Filter>Voxel\libnoise</Filter>
    </ClCompile>
    <ClCompile Include="..\Laboratory\Voxel\Player\Player.cpp">
      <Filter>Voxel\Player</Filter>
    </ClCompile>
    <ClCompile Include="..\Laboratory\Voxel\simplex\simplexnoise.cpp">
      <Filter>Voxel\simplex</Filter>
    </ClCompile>
    <ClCompile Include="..\Laboratory\Voxel\ini\ini.c">
      <Filter>Voxel\ini</Filter>
    </ClCompile>
    <ClCompile Include="..\Laboratory\Voxel\ini\INIReader.cpp">
      <Filter>Voxel\ini</Filter>
    </ClCompile>
    <ClCompile Include="..\Laboratory\Voxel\models\BoundingBox.cpp">
      <Filter>Voxel\models</Filter>
    </ClCompile>
    <ClCompile Include="..\Laboratory\Voxel\models\MS3DAnimator.cpp">
      <Filter>Voxel\models</Filter>
    </ClCompile>
    <ClCompile Include="..\Laboratory\Voxel\models\MS3DModel.cpp">
      <Filter>Voxel\models</Filter>
    </ClCompile>
    <ClCompile Include="..\Laboratory\Voxel\models\objmodel.cpp">
      <Filter>Voxel\models</Filter>
    </ClCompile>
    <ClCompile Include="..\Laboratory\Voxel\models\QubicleBinary.cpp">
      <Filter>Voxel\models</Filter>
    </ClCompile>
    <ClCompile Include="..\Laboratory\Voxel\models\QubicleBinaryManager.cpp">
      <Filter>Voxel\models</Filter>
    </ClCompile>
    <ClCompile Include="..\Laboratory\Voxel\models\VoxelCharacter.cpp">
      <Filter>Voxel\models</Filter>
    </ClCompile>
    <ClCompile Include="..\Laboratory\Voxel\models\VoxelObject.cpp">
      <Filter>Voxel\models</Filter>
    </ClCompile>
    <ClCompile Include="..\Laboratory\Voxel\models\VoxelWeapon.cpp">
      <Filter>Voxel\models</Filter>
    </ClCompile>
    <ClCompile Include="..\Laboratory\Voxel\freetype\freetypefont.cpp">
      <Filter>Voxel\freetype</Filter>
    </ClCompile>
    <ClCompile Include="..\Laboratory\Voxel\utils\FileUtils.cpp">
      <Filter>Voxel\utils</Filter>
    </ClCompile>
    <ClCompile Include="..\Laboratory\Voxel\utils\Interpolator.cpp">
      <Filter>Voxel\utils</Filter>
    </ClCompile>
    <ClCompile Include="..\Laboratory\physxlab.cpp" />
    <ClCompile Include="..\Laboratory\templab.cpp" />
    <ClCompile Include="..\Laboratory\tempmain.cpp" />
  </ItemGroup>
  <ItemGroup>
    <ClInclude Include="..\Laboratory\Voxel\VoxSettings.h">
      <Filter>Voxel</Filter>
    </ClInclude>
    <ClInclude Include="..\Laboratory\Voxel\blocks\BiomeManager.h">
      <Filter>Voxel\blocks</Filter>
    </ClInclude>
    <ClInclude Include="..\Laboratory\Voxel\blocks\BlocksEnum.h">
      <Filter>Voxel\blocks</Filter>
    </ClInclude>
    <ClInclude Include="..\Laboratory\Voxel\blocks\Chunk.h">
      <Filter>Voxel\blocks</Filter>
    </ClInclude>
    <ClInclude Include="..\Laboratory\Voxel\blocks\ChunkManager.h">
      <Filter>Voxel\blocks</Filter>
    </ClInclude>
    <ClInclude Include="..\Laboratory\Voxel\Renderer\camera.h">
      <Filter>Voxel\Renderer</Filter>
    </ClInclude>
    <ClInclude Include="..\Laboratory\Voxel\Renderer\colour.h">
      <Filter>Voxel\Renderer</Filter>
    </ClInclude>
    <ClInclude Include="..\Laboratory\Voxel\Renderer\framebuffer.h">
      <Filter>Voxel\Renderer</Filter>
    </ClInclude>
    <ClInclude Include="..\Laboratory\Voxel\Renderer\frustum.h">
      <Filter>Voxel\Renderer</Filter>
    </ClInclude>
    <ClInclude Include="..\Laboratory\Voxel\Renderer\glsl.h">
      <Filter>Voxel\Renderer</Filter>
    </ClInclude>
    <ClInclude Include="..\Laboratory\Voxel\Renderer\light.h">
      <Filter>Voxel\Renderer</Filter>
    </ClInclude>
    <ClInclude Include="..\Laboratory\Voxel\Renderer\material.h">
      <Filter>Voxel\Renderer</Filter>
    </ClInclude>
    <ClInclude Include="..\Laboratory\Voxel\Renderer\mesh.h">
      <Filter>Voxel\Renderer</Filter>
    </ClInclude>
    <ClInclude Include="..\Laboratory\Voxel\Renderer\Renderer.h">
      <Filter>Voxel\Renderer</Filter>
    </ClInclude>
    <ClInclude Include="..\Laboratory\Voxel\Renderer\texture.h">
      <Filter>Voxel\Renderer</Filter>
    </ClInclude>
    <ClInclude Include="..\Laboratory\Voxel\Renderer\tga.h">
      <Filter>Voxel\Renderer</Filter>
    </ClInclude>
    <ClInclude Include="..\Laboratory\Voxel\Renderer\vertexarray.h">
      <Filter>Voxel\Renderer</Filter>
    </ClInclude>
    <ClInclude Include="..\Laboratory\Voxel\Renderer\viewport.h">
      <Filter>Voxel\Renderer</Filter>
    </ClInclude>
    <ClInclude Include="..\Laboratory\Voxel\Maths\3dGeometry.h">
      <Filter>Voxel\Maths</Filter>
    </ClInclude>
    <ClInclude Include="..\Laboratory\Voxel\Maths\3dmaths.h">
      <Filter>Voxel\Maths</Filter>
    </ClInclude>
    <ClInclude Include="..\Laboratory\Voxel\Maths\BoundingRegion.h">
      <Filter>Voxel\Maths</Filter>
    </ClInclude>
    <ClInclude Include="..\Laboratory\Voxel\tinythread\fast_mutex.h">
      <Filter>Voxel\tinythread</Filter>
    </ClInclude>
    <ClInclude Include="..\Laboratory\Voxel\tinythread\tinythread.h">
      <Filter>Voxel\tinythread</Filter>
    </ClInclude>
    <ClInclude Include="..\Laboratory\Voxel\glew\include\GL\glew.h">
      <Filter>Voxel\glew\include\GL</Filter>
    </ClInclude>
    <ClInclude Include="..\Laboratory\Voxel\glew\include\GL\glxew.h">
      <Filter>Voxel\glew\include\GL</Filter>
    </ClInclude>
    <ClInclude Include="..\Laboratory\Voxel\glew\include\GL\wglew.h">
      <Filter>Voxel\glew\include\GL</Filter>
    </ClInclude>
    <ClInclude Include="..\Laboratory\Voxel\glm\glm.hpp">
      <Filter>Voxel\glm</Filter>
    </ClInclude>
    <ClInclude Include="..\Laboratory\Voxel\glm\integer.hpp">
      <Filter>Voxel\glm</Filter>
    </ClInclude>
    <ClInclude Include="..\Laboratory\Voxel\glm\mat2x2.hpp">
      <Filter>Voxel\glm</Filter>
    </ClInclude>
    <ClInclude Include="..\Laboratory\Voxel\glm\mat2x3.hpp">
      <Filter>Voxel\glm</Filter>
    </ClInclude>
    <ClInclude Include="..\Laboratory\Voxel\glm\mat2x4.hpp">
      <Filter>Voxel\glm</Filter>
    </ClInclude>
    <ClInclude Include="..\Laboratory\Voxel\glm\mat3x2.hpp">
      <Filter>Voxel\glm</Filter>
    </ClInclude>
    <ClInclude Include="..\Laboratory\Voxel\glm\mat3x3.hpp">
      <Filter>Voxel\glm</Filter>
    </ClInclude>
    <ClInclude Include="..\Laboratory\Voxel\glm\mat3x4.hpp">
      <Filter>Voxel\glm</Filter>
    </ClInclude>
    <ClInclude Include="..\Laboratory\Voxel\glm\mat4x2.hpp">
      <Filter>Voxel\glm</Filter>
    </ClInclude>
    <ClInclude Include="..\Laboratory\Voxel\glm\mat4x3.hpp">
      <Filter>Voxel\glm</Filter>
    </ClInclude>
    <ClInclude Include="..\Laboratory\Voxel\glm\mat4x4.hpp">
      <Filter>Voxel\glm</Filter>
    </ClInclude>
    <ClInclude Include="..\Laboratory\Voxel\glm\matrix.hpp">
      <Filter>Voxel\glm</Filter>
    </ClInclude>
    <ClInclude Include="..\Laboratory\Voxel\glm\packing.hpp">
      <Filter>Voxel\glm</Filter>
    </ClInclude>
    <ClInclude Include="..\Laboratory\Voxel\glm\trigonometric.hpp">
      <Filter>Voxel\glm</Filter>
    </ClInclude>
    <ClInclude Include="..\Laboratory\Voxel\glm\vec2.hpp">
      <Filter>Voxel\glm</Filter>
    </ClInclude>
    <ClInclude Include="..\Laboratory\Voxel\glm\vec3.hpp">
      <Filter>Voxel\glm</Filter>
    </ClInclude>
    <ClInclude Include="..\Laboratory\Voxel\glm\vec4.hpp">
      <Filter>Voxel\glm</Filter>
    </ClInclude>
    <ClInclude Include="..\Laboratory\Voxel\glm\vector_relational.hpp">
      <Filter>Voxel\glm</Filter>
    </ClInclude>
    <ClInclude Include="..\Laboratory\Voxel\glm\common.hpp">
      <Filter>Voxel\glm</Filter>
    </ClInclude>
    <ClInclude Include="..\Laboratory\Voxel\glm\exponential.hpp">
      <Filter>Voxel\glm</Filter>
    </ClInclude>
    <ClInclude Include="..\Laboratory\Voxel\glm\ext.hpp">
      <Filter>Voxel\glm</Filter>
    </ClInclude>
    <ClInclude Include="..\Laboratory\Voxel\glm\fwd.hpp">
      <Filter>Voxel\glm</Filter>
    </ClInclude>
    <ClInclude Include="..\Laboratory\Voxel\glm\geometric.hpp">
      <Filter>Voxel\glm</Filter>
    </ClInclude>
    <ClInclude Include="..\Laboratory\Voxel\glm\detail\func_common.hpp">
      <Filter>Voxel\glm\detail</Filter>
    </ClInclude>
    <ClInclude Include="..\Laboratory\Voxel\glm\detail\func_exponential.hpp">
      <Filter>Voxel\glm\detail</Filter>
    </ClInclude>
    <ClInclude Include="..\Laboratory\Voxel\glm\detail\func_geometric.hpp">
      <Filter>Voxel\glm\detail</Filter>
    </ClInclude>
    <ClInclude Include="..\Laboratory\Voxel\glm\detail\func_integer.hpp">
      <Filter>Voxel\glm\detail</Filter>
    </ClInclude>
    <ClInclude Include="..\Laboratory\Voxel\glm\detail\func_matrix.hpp">
      <Filter>Voxel\glm\detail</Filter>
    </ClInclude>
    <ClInclude Include="..\Laboratory\Voxel\glm\detail\func_packing.hpp">
      <Filter>Voxel\glm\detail</Filter>
    </ClInclude>
    <ClInclude Include="..\Laboratory\Voxel\glm\detail\func_trigonometric.hpp">
      <Filter>Voxel\glm\detail</Filter>
    </ClInclude>
    <ClInclude Include="..\Laboratory\Voxel\glm\detail\func_vector_relational.hpp">
      <Filter>Voxel\glm\detail</Filter>
    </ClInclude>
    <ClInclude Include="..\Laboratory\Voxel\glm\detail\intrinsic_common.hpp">
      <Filter>Voxel\glm\detail</Filter>
    </ClInclude>
    <ClInclude Include="..\Laboratory\Voxel\glm\detail\intrinsic_exponential.hpp">
      <Filter>Voxel\glm\detail</Filter>
    </ClInclude>
    <ClInclude Include="..\Laboratory\Voxel\glm\detail\intrinsic_geometric.hpp">
      <Filter>Voxel\glm\detail</Filter>
    </ClInclude>
    <ClInclude Include="..\Laboratory\Voxel\glm\detail\intrinsic_integer.hpp">
      <Filter>Voxel\glm\detail</Filter>
    </ClInclude>
    <ClInclude Include="..\Laboratory\Voxel\glm\detail\intrinsic_matrix.hpp">
      <Filter>Voxel\glm\detail</Filter>
    </ClInclude>
    <ClInclude Include="..\Laboratory\Voxel\glm\detail\intrinsic_trigonometric.hpp">
      <Filter>Voxel\glm\detail</Filter>
    </ClInclude>
    <ClInclude Include="..\Laboratory\Voxel\glm\detail\intrinsic_vector_relational.hpp">
      <Filter>Voxel\glm\detail</Filter>
    </ClInclude>
    <ClInclude Include="..\Laboratory\Voxel\glm\detail\precision.hpp">
      <Filter>Voxel\glm\detail</Filter>
    </ClInclude>
    <ClInclude Include="..\Laboratory\Voxel\glm\detail\setup.hpp">
      <Filter>Voxel\glm\detail</Filter>
    </ClInclude>
    <ClInclude Include="..\Laboratory\Voxel\glm\detail\type_float.hpp">
      <Filter>Voxel\glm\detail</Filter>
    </ClInclude>
    <ClInclude Include="..\Laboratory\Voxel\glm\detail\type_gentype.hpp">
      <Filter>Voxel\glm\detail</Filter>
    </ClInclude>
    <ClInclude Include="..\Laboratory\Voxel\glm\detail\type_half.hpp">
      <Filter>Voxel\glm\detail</Filter>
    </ClInclude>
    <ClInclude Include="..\Laboratory\Voxel\glm\detail\type_int.hpp">
      <Filter>Voxel\glm\detail</Filter>
    </ClInclude>
    <ClInclude Include="..\Laboratory\Voxel\glm\detail\type_mat.hpp">
      <Filter>Voxel\glm\detail</Filter>
    </ClInclude>
    <ClInclude Include="..\Laboratory\Voxel\glm\detail\type_mat2x2.hpp">
      <Filter>Voxel\glm\detail</Filter>
    </ClInclude>
    <ClInclude Include="..\Laboratory\Voxel\glm\detail\type_mat2x3.hpp">
      <Filter>Voxel\glm\detail</Filter>
    </ClInclude>
    <ClInclude Include="..\Laboratory\Voxel\glm\detail\type_mat2x4.hpp">
      <Filter>Voxel\glm\detail</Filter>
    </ClInclude>
    <ClInclude Include="..\Laboratory\Voxel\glm\detail\type_mat3x2.hpp">
      <Filter>Voxel\glm\detail</Filter>
    </ClInclude>
    <ClInclude Include="..\Laboratory\Voxel\glm\detail\type_mat3x3.hpp">
      <Filter>Voxel\glm\detail</Filter>
    </ClInclude>
    <ClInclude Include="..\Laboratory\Voxel\glm\detail\type_mat3x4.hpp">
      <Filter>Voxel\glm\detail</Filter>
    </ClInclude>
    <ClInclude Include="..\Laboratory\Voxel\glm\detail\type_mat4x2.hpp">
      <Filter>Voxel\glm\detail</Filter>
    </ClInclude>
    <ClInclude Include="..\Laboratory\Voxel\glm\detail\type_mat4x3.hpp">
      <Filter>Voxel\glm\detail</Filter>
    </ClInclude>
    <ClInclude Include="..\Laboratory\Voxel\glm\detail\type_mat4x4.hpp">
      <Filter>Voxel\glm\detail</Filter>
    </ClInclude>
    <ClInclude Include="..\Laboratory\Voxel\glm\detail\type_vec.hpp">
      <Filter>Voxel\glm\detail</Filter>
    </ClInclude>
    <ClInclude Include="..\Laboratory\Voxel\glm\detail\type_vec1.hpp">
      <Filter>Voxel\glm\detail</Filter>
    </ClInclude>
    <ClInclude Include="..\Laboratory\Voxel\glm\detail\type_vec2.hpp">
      <Filter>Voxel\glm\detail</Filter>
    </ClInclude>
    <ClInclude Include="..\Laboratory\Voxel\glm\detail\type_vec3.hpp">
      <Filter>Voxel\glm\detail</Filter>
    </ClInclude>
    <ClInclude Include="..\Laboratory\Voxel\glm\detail\type_vec4.hpp">
      <Filter>Voxel\glm\detail</Filter>
    </ClInclude>
    <ClInclude Include="..\Laboratory\Voxel\glm\detail\_features.hpp">
      <Filter>Voxel\glm\detail</Filter>
    </ClInclude>
    <ClInclude Include="..\Laboratory\Voxel\glm\detail\_fixes.hpp">
      <Filter>Voxel\glm\detail</Filter>
    </ClInclude>
    <ClInclude Include="..\Laboratory\Voxel\glm\detail\_noise.hpp">
      <Filter>Voxel\glm\detail</Filter>
    </ClInclude>
    <ClInclude Include="..\Laboratory\Voxel\glm\detail\_swizzle.hpp">
      <Filter>Voxel\glm\detail</Filter>
    </ClInclude>
    <ClInclude Include="..\Laboratory\Voxel\glm\detail\_swizzle_func.hpp">
      <Filter>Voxel\glm\detail</Filter>
    </ClInclude>
    <ClInclude Include="..\Laboratory\Voxel\glm\detail\_vectorize.hpp">
      <Filter>Voxel\glm\detail</Filter>
    </ClInclude>
    <ClInclude Include="..\Laboratory\Voxel\glm\gtc\bitfield.hpp">
      <Filter>Voxel\glm\gtc</Filter>
    </ClInclude>
    <ClInclude Include="..\Laboratory\Voxel\glm\gtc\color_space.hpp">
      <Filter>Voxel\glm\gtc</Filter>
    </ClInclude>
    <ClInclude Include="..\Laboratory\Voxel\glm\gtc\constants.hpp">
      <Filter>Voxel\glm\gtc</Filter>
    </ClInclude>
    <ClInclude Include="..\Laboratory\Voxel\glm\gtc\epsilon.hpp">
      <Filter>Voxel\glm\gtc</Filter>
    </ClInclude>
    <ClInclude Include="..\Laboratory\Voxel\glm\gtc\integer.hpp">
      <Filter>Voxel\glm\gtc</Filter>
    </ClInclude>
    <ClInclude Include="..\Laboratory\Voxel\glm\gtc\matrix_access.hpp">
      <Filter>Voxel\glm\gtc</Filter>
    </ClInclude>
    <ClInclude Include="..\Laboratory\Voxel\glm\gtc\matrix_integer.hpp">
      <Filter>Voxel\glm\gtc</Filter>
    </ClInclude>
    <ClInclude Include="..\Laboratory\Voxel\glm\gtc\matrix_inverse.hpp">
      <Filter>Voxel\glm\gtc</Filter>
    </ClInclude>
    <ClInclude Include="..\Laboratory\Voxel\glm\gtc\matrix_transform.hpp">
      <Filter>Voxel\glm\gtc</Filter>
    </ClInclude>
    <ClInclude Include="..\Laboratory\Voxel\glm\gtc\noise.hpp">
      <Filter>Voxel\glm\gtc</Filter>
    </ClInclude>
    <ClInclude Include="..\Laboratory\Voxel\glm\gtc\packing.hpp">
      <Filter>Voxel\glm\gtc</Filter>
    </ClInclude>
    <ClInclude Include="..\Laboratory\Voxel\glm\gtc\quaternion.hpp">
      <Filter>Voxel\glm\gtc</Filter>
    </ClInclude>
    <ClInclude Include="..\Laboratory\Voxel\glm\gtc\random.hpp">
      <Filter>Voxel\glm\gtc</Filter>
    </ClInclude>
    <ClInclude Include="..\Laboratory\Voxel\glm\gtc\reciprocal.hpp">
      <Filter>Voxel\glm\gtc</Filter>
    </ClInclude>
    <ClInclude Include="..\Laboratory\Voxel\glm\gtc\round.hpp">
      <Filter>Voxel\glm\gtc</Filter>
    </ClInclude>
    <ClInclude Include="..\Laboratory\Voxel\glm\gtc\type_precision.hpp">
      <Filter>Voxel\glm\gtc</Filter>
    </ClInclude>
    <ClInclude Include="..\Laboratory\Voxel\glm\gtc\type_ptr.hpp">
      <Filter>Voxel\glm\gtc</Filter>
    </ClInclude>
    <ClInclude Include="..\Laboratory\Voxel\glm\gtc\ulp.hpp">
      <Filter>Voxel\glm\gtc</Filter>
    </ClInclude>
    <ClInclude Include="..\Laboratory\Voxel\glm\gtc\vec1.hpp">
      <Filter>Voxel\glm\gtc</Filter>
    </ClInclude>
    <ClInclude Include="..\Laboratory\Voxel\glm\gtx\associated_min_max.hpp">
      <Filter>Voxel\glm\gtx</Filter>
    </ClInclude>
    <ClInclude Include="..\Laboratory\Voxel\glm\gtx\bit.hpp">
      <Filter>Voxel\glm\gtx</Filter>
    </ClInclude>
    <ClInclude Include="..\Laboratory\Voxel\glm\gtx\closest_point.hpp">
      <Filter>Voxel\glm\gtx</Filter>
    </ClInclude>
    <ClInclude Include="..\Laboratory\Voxel\glm\gtx\color_space.hpp">
      <Filter>Voxel\glm\gtx</Filter>
    </ClInclude>
    <ClInclude Include="..\Laboratory\Voxel\glm\gtx\color_space_YCoCg.hpp">
      <Filter>Voxel\glm\gtx</Filter>
    </ClInclude>
    <ClInclude Include="..\Laboratory\Voxel\glm\gtx\common.hpp">
      <Filter>Voxel\glm\gtx</Filter>
    </ClInclude>
    <ClInclude Include="..\Laboratory\Voxel\glm\gtx\compatibility.hpp">
      <Filter>Voxel\glm\gtx</Filter>
    </ClInclude>
    <ClInclude Include="..\Laboratory\Voxel\glm\gtx\component_wise.hpp">
      <Filter>Voxel\glm\gtx</Filter>
    </ClInclude>
    <ClInclude Include="..\Laboratory\Voxel\glm\gtx\dual_quaternion.hpp">
      <Filter>Voxel\glm\gtx</Filter>
    </ClInclude>
    <ClInclude Include="..\Laboratory\Voxel\glm\gtx\euler_angles.hpp">
      <Filter>Voxel\glm\gtx</Filter>
    </ClInclude>
    <ClInclude Include="..\Laboratory\Voxel\glm\gtx\extend.hpp">
      <Filter>Voxel\glm\gtx</Filter>
    </ClInclude>
    <ClInclude Include="..\Laboratory\Voxel\glm\gtx\extended_min_max.hpp">
      <Filter>Voxel\glm\gtx</Filter>
    </ClInclude>
    <ClInclude Include="..\Laboratory\Voxel\glm\gtx\fast_exponential.hpp">
      <Filter>Voxel\glm\gtx</Filter>
    </ClInclude>
    <ClInclude Include="..\Laboratory\Voxel\glm\gtx\fast_square_root.hpp">
      <Filter>Voxel\glm\gtx</Filter>
    </ClInclude>
    <ClInclude Include="..\Laboratory\Voxel\glm\gtx\fast_trigonometry.hpp">
      <Filter>Voxel\glm\gtx</Filter>
    </ClInclude>
    <ClInclude Include="..\Laboratory\Voxel\glm\gtx\gradient_paint.hpp">
      <Filter>Voxel\glm\gtx</Filter>
    </ClInclude>
    <ClInclude Include="..\Laboratory\Voxel\glm\gtx\handed_coordinate_space.hpp">
      <Filter>Voxel\glm\gtx</Filter>
    </ClInclude>
    <ClInclude Include="..\Laboratory\Voxel\glm\gtx\hash.hpp">
      <Filter>Voxel\glm\gtx</Filter>
    </ClInclude>
    <ClInclude Include="..\Laboratory\Voxel\glm\gtx\integer.hpp">
      <Filter>Voxel\glm\gtx</Filter>
    </ClInclude>
    <ClInclude Include="..\Laboratory\Voxel\glm\gtx\intersect.hpp">
      <Filter>Voxel\glm\gtx</Filter>
    </ClInclude>
    <ClInclude Include="..\Laboratory\Voxel\glm\gtx\io.hpp">
      <Filter>Voxel\glm\gtx</Filter>
    </ClInclude>
    <ClInclude Include="..\Laboratory\Voxel\glm\gtx\log_base.hpp">
      <Filter>Voxel\glm\gtx</Filter>
    </ClInclude>
    <ClInclude Include="..\Laboratory\Voxel\glm\gtx\matrix_cross_product.hpp">
      <Filter>Voxel\glm\gtx</Filter>
    </ClInclude>
    <ClInclude Include="..\Laboratory\Voxel\glm\gtx\matrix_decompose.hpp">
      <Filter>Voxel\glm\gtx</Filter>
    </ClInclude>
    <ClInclude Include="..\Laboratory\Voxel\glm\gtx\matrix_interpolation.hpp">
      <Filter>Voxel\glm\gtx</Filter>
    </ClInclude>
    <ClInclude Include="..\Laboratory\Voxel\glm\gtx\matrix_major_storage.hpp">
      <Filter>Voxel\glm\gtx</Filter>
    </ClInclude>
    <ClInclude Include="..\Laboratory\Voxel\glm\gtx\matrix_operation.hpp">
      <Filter>Voxel\glm\gtx</Filter>
    </ClInclude>
    <ClInclude Include="..\Laboratory\Voxel\glm\gtx\matrix_query.hpp">
      <Filter>Voxel\glm\gtx</Filter>
    </ClInclude>
    <ClInclude Include="..\Laboratory\Voxel\glm\gtx\matrix_transform_2d.hpp">
      <Filter>Voxel\glm\gtx</Filter>
    </ClInclude>
    <ClInclude Include="..\Laboratory\Voxel\glm\gtx\mixed_product.hpp">
      <Filter>Voxel\glm\gtx</Filter>
    </ClInclude>
    <ClInclude Include="..\Laboratory\Voxel\glm\gtx\norm.hpp">
      <Filter>Voxel\glm\gtx</Filter>
    </ClInclude>
    <ClInclude Include="..\Laboratory\Voxel\glm\gtx\normal.hpp">
      <Filter>Voxel\glm\gtx</Filter>
    </ClInclude>
    <ClInclude Include="..\Laboratory\Voxel\glm\gtx\normalize_dot.hpp">
      <Filter>Voxel\glm\gtx</Filter>
    </ClInclude>
    <ClInclude Include="..\Laboratory\Voxel\glm\gtx\number_precision.hpp">
      <Filter>Voxel\glm\gtx</Filter>
    </ClInclude>
    <ClInclude Include="..\Laboratory\Voxel\glm\gtx\optimum_pow.hpp">
      <Filter>Voxel\glm\gtx</Filter>
    </ClInclude>
    <ClInclude Include="..\Laboratory\Voxel\glm\gtx\orthonormalize.hpp">
      <Filter>Voxel\glm\gtx</Filter>
    </ClInclude>
    <ClInclude Include="..\Laboratory\Voxel\glm\gtx\perpendicular.hpp">
      <Filter>Voxel\glm\gtx</Filter>
    </ClInclude>
    <ClInclude Include="..\Laboratory\Voxel\glm\gtx\polar_coordinates.hpp">
      <Filter>Voxel\glm\gtx</Filter>
    </ClInclude>
    <ClInclude Include="..\Laboratory\Voxel\glm\gtx\projection.hpp">
      <Filter>Voxel\glm\gtx</Filter>
    </ClInclude>
    <ClInclude Include="..\Laboratory\Voxel\glm\gtx\quaternion.hpp">
      <Filter>Voxel\glm\gtx</Filter>
    </ClInclude>
    <ClInclude Include="..\Laboratory\Voxel\glm\gtx\range.hpp">
      <Filter>Voxel\glm\gtx</Filter>
    </ClInclude>
    <ClInclude Include="..\Laboratory\Voxel\glm\gtx\raw_data.hpp">
      <Filter>Voxel\glm\gtx</Filter>
    </ClInclude>
    <ClInclude Include="..\Laboratory\Voxel\glm\gtx\rotate_normalized_axis.hpp">
      <Filter>Voxel\glm\gtx</Filter>
    </ClInclude>
    <ClInclude Include="..\Laboratory\Voxel\glm\gtx\rotate_vector.hpp">
      <Filter>Voxel\glm\gtx</Filter>
    </ClInclude>
    <ClInclude Include="..\Laboratory\Voxel\glm\gtx\scalar_multiplication.hpp">
      <Filter>Voxel\glm\gtx</Filter>
    </ClInclude>
    <ClInclude Include="..\Laboratory\Voxel\glm\gtx\scalar_relational.hpp">
      <Filter>Voxel\glm\gtx</Filter>
    </ClInclude>
    <ClInclude Include="..\Laboratory\Voxel\glm\gtx\simd_mat4.hpp">
      <Filter>Voxel\glm\gtx</Filter>
    </ClInclude>
    <ClInclude Include="..\Laboratory\Voxel\glm\gtx\simd_quat.hpp">
      <Filter>Voxel\glm\gtx</Filter>
    </ClInclude>
    <ClInclude Include="..\Laboratory\Voxel\glm\gtx\simd_vec4.hpp">
      <Filter>Voxel\glm\gtx</Filter>
    </ClInclude>
    <ClInclude Include="..\Laboratory\Voxel\glm\gtx\spline.hpp">
      <Filter>Voxel\glm\gtx</Filter>
    </ClInclude>
    <ClInclude Include="..\Laboratory\Voxel\glm\gtx\std_based_type.hpp">
      <Filter>Voxel\glm\gtx</Filter>
    </ClInclude>
    <ClInclude Include="..\Laboratory\Voxel\glm\gtx\string_cast.hpp">
      <Filter>Voxel\glm\gtx</Filter>
    </ClInclude>
    <ClInclude Include="..\Laboratory\Voxel\glm\gtx\transform.hpp">
      <Filter>Voxel\glm\gtx</Filter>
    </ClInclude>
    <ClInclude Include="..\Laboratory\Voxel\glm\gtx\transform2.hpp">
      <Filter>Voxel\glm\gtx</Filter>
    </ClInclude>
    <ClInclude Include="..\Laboratory\Voxel\glm\gtx\type_aligned.hpp">
      <Filter>Voxel\glm\gtx</Filter>
    </ClInclude>
    <ClInclude Include="..\Laboratory\Voxel\glm\gtx\vector_angle.hpp">
      <Filter>Voxel\glm\gtx</Filter>
    </ClInclude>
    <ClInclude Include="..\Laboratory\Voxel\glm\gtx\vector_query.hpp">
      <Filter>Voxel\glm\gtx</Filter>
    </ClInclude>
    <ClInclude Include="..\Laboratory\Voxel\glm\gtx\wrap.hpp">
      <Filter>Voxel\glm\gtx</Filter>
    </ClInclude>
    <ClInclude Include="..\Laboratory\Voxel\libnoise\noiseutils.h">
      <Filter>Voxel\libnoise</Filter>
    </ClInclude>
    <ClInclude Include="..\Laboratory\Voxel\libnoise\noise\basictypes.h">
      <Filter>Voxel\libnoise\noise</Filter>
    </ClInclude>
    <ClInclude Include="..\Laboratory\Voxel\libnoise\noise\exception.h">
      <Filter>Voxel\libnoise\noise</Filter>
    </ClInclude>
    <ClInclude Include="..\Laboratory\Voxel\libnoise\noise\interp.h">
      <Filter>Voxel\libnoise\noise</Filter>
    </ClInclude>
    <ClInclude Include="..\Laboratory\Voxel\libnoise\noise\latlon.h">
      <Filter>Voxel\libnoise\noise</Filter>
    </ClInclude>
    <ClInclude Include="..\Laboratory\Voxel\libnoise\noise\mathconsts.h">
      <Filter>Voxel\libnoise\noise</Filter>
    </ClInclude>
    <ClInclude Include="..\Laboratory\Voxel\libnoise\noise\misc.h">
      <Filter>Voxel\libnoise\noise</Filter>
    </ClInclude>
    <ClInclude Include="..\Laboratory\Voxel\libnoise\noise\noise.h">
      <Filter>Voxel\libnoise\noise</Filter>
    </ClInclude>
    <ClInclude Include="..\Laboratory\Voxel\libnoise\noise\noisegen.h">
      <Filter>Voxel\libnoise\noise</Filter>
    </ClInclude>
    <ClInclude Include="..\Laboratory\Voxel\libnoise\noise\vectortable.h">
      <Filter>Voxel\libnoise\noise</Filter>
    </ClInclude>
    <ClInclude Include="..\Laboratory\Voxel\libnoise\noise\model\cylinder.h">
      <Filter>Voxel\libnoise\noise\model</Filter>
    </ClInclude>
    <ClInclude Include="..\Laboratory\Voxel\libnoise\noise\model\line.h">
      <Filter>Voxel\libnoise\noise\model</Filter>
    </ClInclude>
    <ClInclude Include="..\Laboratory\Voxel\libnoise\noise\model\model.h">
      <Filter>Voxel\libnoise\noise\model</Filter>
    </ClInclude>
    <ClInclude Include="..\Laboratory\Voxel\libnoise\noise\model\plane.h">
      <Filter>Voxel\libnoise\noise\model</Filter>
    </ClInclude>
    <ClInclude Include="..\Laboratory\Voxel\libnoise\noise\model\sphere.h">
      <Filter>Voxel\libnoise\noise\model</Filter>
    </ClInclude>
    <ClInclude Include="..\Laboratory\Voxel\libnoise\noise\module\abs.h">
      <Filter>Voxel\libnoise\noise\module</Filter>
    </ClInclude>
    <ClInclude Include="..\Laboratory\Voxel\libnoise\noise\module\add.h">
      <Filter>Voxel\libnoise\noise\module</Filter>
    </ClInclude>
    <ClInclude Include="..\Laboratory\Voxel\libnoise\noise\module\billow.h">
      <Filter>Voxel\libnoise\noise\module</Filter>
    </ClInclude>
    <ClInclude Include="..\Laboratory\Voxel\libnoise\noise\module\blend.h">
      <Filter>Voxel\libnoise\noise\module</Filter>
    </ClInclude>
    <ClInclude Include="..\Laboratory\Voxel\libnoise\noise\module\cache.h">
      <Filter>Voxel\libnoise\noise\module</Filter>
    </ClInclude>
    <ClInclude Include="..\Laboratory\Voxel\libnoise\noise\module\checkerboard.h">
      <Filter>Voxel\libnoise\noise\module</Filter>
    </ClInclude>
    <ClInclude Include="..\Laboratory\Voxel\libnoise\noise\module\clamp.h">
      <Filter>Voxel\libnoise\noise\module</Filter>
    </ClInclude>
    <ClInclude Include="..\Laboratory\Voxel\libnoise\noise\module\const.h">
      <Filter>Voxel\libnoise\noise\module</Filter>
    </ClInclude>
    <ClInclude Include="..\Laboratory\Voxel\libnoise\noise\module\curve.h">
      <Filter>Voxel\libnoise\noise\module</Filter>
    </ClInclude>
    <ClInclude Include="..\Laboratory\Voxel\libnoise\noise\module\cylinders.h">
      <Filter>Voxel\libnoise\noise\module</Filter>
    </ClInclude>
    <ClInclude Include="..\Laboratory\Voxel\libnoise\noise\module\displace.h">
      <Filter>Voxel\libnoise\noise\module</Filter>
    </ClInclude>
    <ClInclude Include="..\Laboratory\Voxel\libnoise\noise\module\exponent.h">
      <Filter>Voxel\libnoise\noise\module</Filter>
    </ClInclude>
    <ClInclude Include="..\Laboratory\Voxel\libnoise\noise\module\invert.h">
      <Filter>Voxel\libnoise\noise\module</Filter>
    </ClInclude>
    <ClInclude Include="..\Laboratory\Voxel\libnoise\noise\module\max.h">
      <Filter>Voxel\libnoise\noise\module</Filter>
    </ClInclude>
    <ClInclude Include="..\Laboratory\Voxel\libnoise\noise\module\min.h">
      <Filter>Voxel\libnoise\noise\module</Filter>
    </ClInclude>
    <ClInclude Include="..\Laboratory\Voxel\libnoise\noise\module\module.h">
      <Filter>Voxel\libnoise\noise\module</Filter>
    </ClInclude>
    <ClInclude Include="..\Laboratory\Voxel\libnoise\noise\module\modulebase.h">
      <Filter>Voxel\libnoise\noise\module</Filter>
    </ClInclude>
    <ClInclude Include="..\Laboratory\Voxel\libnoise\noise\module\multiply.h">
      <Filter>Voxel\libnoise\noise\module</Filter>
    </ClInclude>
    <ClInclude Include="..\Laboratory\Voxel\libnoise\noise\module\perlin.h">
      <Filter>Voxel\libnoise\noise\module</Filter>
    </ClInclude>
    <ClInclude Include="..\Laboratory\Voxel\libnoise\noise\module\power.h">
      <Filter>Voxel\libnoise\noise\module</Filter>
    </ClInclude>
    <ClInclude Include="..\Laboratory\Voxel\libnoise\noise\module\ridgedmulti.h">
      <Filter>Voxel\libnoise\noise\module</Filter>
    </ClInclude>
    <ClInclude Include="..\Laboratory\Voxel\libnoise\noise\module\rotatepoint.h">
      <Filter>Voxel\libnoise\noise\module</Filter>
    </ClInclude>
    <ClInclude Include="..\Laboratory\Voxel\libnoise\noise\module\scalebias.h">
      <Filter>Voxel\libnoise\noise\module</Filter>
    </ClInclude>
    <ClInclude Include="..\Laboratory\Voxel\libnoise\noise\module\scalepoint.h">
      <Filter>Voxel\libnoise\noise\module</Filter>
    </ClInclude>
    <ClInclude Include="..\Laboratory\Voxel\libnoise\noise\module\select.h">
      <Filter>Voxel\libnoise\noise\module</Filter>
    </ClInclude>
    <ClInclude Include="..\Laboratory\Voxel\libnoise\noise\module\spheres.h">
      <Filter>Voxel\libnoise\noise\module</Filter>
    </ClInclude>
    <ClInclude Include="..\Laboratory\Voxel\libnoise\noise\module\terrace.h">
      <Filter>Voxel\libnoise\noise\module</Filter>
    </ClInclude>
    <ClInclude Include="..\Laboratory\Voxel\libnoise\noise\module\translatepoint.h">
      <Filter>Voxel\libnoise\noise\module</Filter>
    </ClInclude>
    <ClInclude Include="..\Laboratory\Voxel\libnoise\noise\module\turbulence.h">
      <Filter>Voxel\libnoise\noise\module</Filter>
    </ClInclude>
    <ClInclude Include="..\Laboratory\Voxel\libnoise\noise\module\voronoi.h">
      <Filter>Voxel\libnoise\noise\module</Filter>
    </ClInclude>
    <ClInclude Include="..\Laboratory\Voxel\Player\Player.h">
      <Filter>Voxel\Player</Filter>
    </ClInclude>
    <ClInclude Include="..\Laboratory\Voxel\simplex\simplexnoise.h">
      <Filter>Voxel\simplex</Filter>
    </ClInclude>
    <ClInclude Include="..\Laboratory\Voxel\ini\ini.h">
      <Filter>Voxel\ini</Filter>
    </ClInclude>
    <ClInclude Include="..\Laboratory\Voxel\ini\INIReader.h">
      <Filter>Voxel\ini</Filter>
    </ClInclude>
    <ClInclude Include="..\Laboratory\Voxel\models\BoundingBox.h">
      <Filter>Voxel\models</Filter>
    </ClInclude>
    <ClInclude Include="..\Laboratory\Voxel\models\modelloader.h">
      <Filter>Voxel\models</Filter>
    </ClInclude>
    <ClInclude Include="..\Laboratory\Voxel\models\MS3DAnimator.h">
      <Filter>Voxel\models</Filter>
    </ClInclude>
    <ClInclude Include="..\Laboratory\Voxel\models\MS3DModel.h">
      <Filter>Voxel\models</Filter>
    </ClInclude>
    <ClInclude Include="..\Laboratory\Voxel\models\OBJModel.h">
      <Filter>Voxel\models</Filter>
    </ClInclude>
    <ClInclude Include="..\Laboratory\Voxel\models\QubicleBinary.h">
      <Filter>Voxel\models</Filter>
    </ClInclude>
    <ClInclude Include="..\Laboratory\Voxel\models\QubicleBinaryManager.h">
      <Filter>Voxel\models</Filter>
    </ClInclude>
    <ClInclude Include="..\Laboratory\Voxel\models\VoxelCharacter.h">
      <Filter>Voxel\models</Filter>
    </ClInclude>
    <ClInclude Include="..\Laboratory\Voxel\models\VoxelObject.h">
      <Filter>Voxel\models</Filter>
    </ClInclude>
    <ClInclude Include="..\Laboratory\Voxel\models\VoxelWeapon.h">
      <Filter>Voxel\models</Filter>
    </ClInclude>
    <ClInclude Include="..\Laboratory\Voxel\freetype\freetypefont.h">
      <Filter>Voxel\freetype</Filter>
    </ClInclude>
    <ClInclude Include="..\Laboratory\Voxel\freetype\include\ft2build.h">
      <Filter>Voxel\freetype\include</Filter>
    </ClInclude>
    <ClInclude Include="..\Laboratory\Voxel\freetype\include\freetype\freetype.h">
      <Filter>Voxel\freetype\include\freetype</Filter>
    </ClInclude>
    <ClInclude Include="..\Laboratory\Voxel\freetype\include\freetype\ftbbox.h">
      <Filter>Voxel\freetype\include\freetype</Filter>
    </ClInclude>
    <ClInclude Include="..\Laboratory\Voxel\freetype\include\freetype\ftbdf.h">
      <Filter>Voxel\freetype\include\freetype</Filter>
    </ClInclude>
    <ClInclude Include="..\Laboratory\Voxel\freetype\include\freetype\ftbitmap.h">
      <Filter>Voxel\freetype\include\freetype</Filter>
    </ClInclude>
    <ClInclude Include="..\Laboratory\Voxel\freetype\include\freetype\ftcache.h">
      <Filter>Voxel\freetype\include\freetype</Filter>
    </ClInclude>
    <ClInclude Include="..\Laboratory\Voxel\freetype\include\freetype\ftchapters.h">
      <Filter>Voxel\freetype\include\freetype</Filter>
    </ClInclude>
    <ClInclude Include="..\Laboratory\Voxel\freetype\include\freetype\ftcid.h">
      <Filter>Voxel\freetype\include\freetype</Filter>
    </ClInclude>
    <ClInclude Include="..\Laboratory\Voxel\freetype\include\freetype\fterrdef.h">
      <Filter>Voxel\freetype\include\freetype</Filter>
    </ClInclude>
    <ClInclude Include="..\Laboratory\Voxel\freetype\include\freetype\fterrors.h">
      <Filter>Voxel\freetype\include\freetype</Filter>
    </ClInclude>
    <ClInclude Include="..\Laboratory\Voxel\freetype\include\freetype\ftgasp.h">
      <Filter>Voxel\freetype\include\freetype</Filter>
    </ClInclude>
    <ClInclude Include="..\Laboratory\Voxel\freetype\include\freetype\ftglyph.h">
      <Filter>Voxel\freetype\include\freetype</Filter>
    </ClInclude>
    <ClInclude Include="..\Laboratory\Voxel\freetype\include\freetype\ftgxval.h">
      <Filter>Voxel\freetype\include\freetype</Filter>
    </ClInclude>
    <ClInclude Include="..\Laboratory\Voxel\freetype\include\freetype\ftgzip.h">
      <Filter>Voxel\freetype\include\freetype</Filter>
    </ClInclude>
    <ClInclude Include="..\Laboratory\Voxel\freetype\include\freetype\ftimage.h">
      <Filter>Voxel\freetype\include\freetype</Filter>
    </ClInclude>
    <ClInclude Include="..\Laboratory\Voxel\freetype\include\freetype\ftincrem.h">
      <Filter>Voxel\freetype\include\freetype</Filter>
    </ClInclude>
    <ClInclude Include="..\Laboratory\Voxel\freetype\include\freetype\ftlcdfil.h">
      <Filter>Voxel\freetype\include\freetype</Filter>
    </ClInclude>
    <ClInclude Include="..\Laboratory\Voxel\freetype\include\freetype\ftlist.h">
      <Filter>Voxel\freetype\include\freetype</Filter>
    </ClInclude>
    <ClInclude Include="..\Laboratory\Voxel\freetype\include\freetype\ftlzw.h">
      <Filter>Voxel\freetype\include\freetype</Filter>
    </ClInclude>
    <ClInclude Include="..\Laboratory\Voxel\freetype\include\freetype\ftmac.h">
      <Filter>Voxel\freetype\include\freetype</Filter>
    </ClInclude>
    <ClInclude Include="..\Laboratory\Voxel\freetype\include\freetype\ftmm.h">
      <Filter>Voxel\freetype\include\freetype</Filter>
    </ClInclude>
    <ClInclude Include="..\Laboratory\Voxel\freetype\include\freetype\ftmodapi.h">
      <Filter>Voxel\freetype\include\freetype</Filter>
    </ClInclude>
    <ClInclude Include="..\Laboratory\Voxel\freetype\include\freetype\ftmoderr.h">
      <Filter>Voxel\freetype\include\freetype</Filter>
    </ClInclude>
    <ClInclude Include="..\Laboratory\Voxel\freetype\include\freetype\ftotval.h">
      <Filter>Voxel\freetype\include\freetype</Filter>
    </ClInclude>
    <ClInclude Include="..\Laboratory\Voxel\freetype\include\freetype\ftoutln.h">
      <Filter>Voxel\freetype\include\freetype</Filter>
    </ClInclude>
    <ClInclude Include="..\Laboratory\Voxel\freetype\include\freetype\ftpfr.h">
      <Filter>Voxel\freetype\include\freetype</Filter>
    </ClInclude>
    <ClInclude Include="..\Laboratory\Voxel\freetype\include\freetype\ftrender.h">
      <Filter>Voxel\freetype\include\freetype</Filter>
    </ClInclude>
    <ClInclude Include="..\Laboratory\Voxel\freetype\include\freetype\ftsizes.h">
      <Filter>Voxel\freetype\include\freetype</Filter>
    </ClInclude>
    <ClInclude Include="..\Laboratory\Voxel\freetype\include\freetype\ftsnames.h">
      <Filter>Voxel\freetype\include\freetype</Filter>
    </ClInclude>
    <ClInclude Include="..\Laboratory\Voxel\freetype\include\freetype\ftstroke.h">
      <Filter>Voxel\freetype\include\freetype</Filter>
    </ClInclude>
    <ClInclude Include="..\Laboratory\Voxel\freetype\include\freetype\ftsynth.h">
      <Filter>Voxel\freetype\include\freetype</Filter>
    </ClInclude>
    <ClInclude Include="..\Laboratory\Voxel\freetype\include\freetype\ftsystem.h">
      <Filter>Voxel\freetype\include\freetype</Filter>
    </ClInclude>
    <ClInclude Include="..\Laboratory\Voxel\freetype\include\freetype\fttrigon.h">
      <Filter>Voxel\freetype\include\freetype</Filter>
    </ClInclude>
    <ClInclude Include="..\Laboratory\Voxel\freetype\include\freetype\fttypes.h">
      <Filter>Voxel\freetype\include\freetype</Filter>
    </ClInclude>
    <ClInclude Include="..\Laboratory\Voxel\freetype\include\freetype\ftwinfnt.h">
      <Filter>Voxel\freetype\include\freetype</Filter>
    </ClInclude>
    <ClInclude Include="..\Laboratory\Voxel\freetype\include\freetype\ftxf86.h">
      <Filter>Voxel\freetype\include\freetype</Filter>
    </ClInclude>
    <ClInclude Include="..\Laboratory\Voxel\freetype\include\freetype\t1tables.h">
      <Filter>Voxel\freetype\include\freetype</Filter>
    </ClInclude>
    <ClInclude Include="..\Laboratory\Voxel\freetype\include\freetype\ttnameid.h">
      <Filter>Voxel\freetype\include\freetype</Filter>
    </ClInclude>
    <ClInclude Include="..\Laboratory\Voxel\freetype\include\freetype\tttables.h">
      <Filter>Voxel\freetype\include\freetype</Filter>
    </ClInclude>
    <ClInclude Include="..\Laboratory\Voxel\freetype\include\freetype\tttags.h">
      <Filter>Voxel\freetype\include\freetype</Filter>
    </ClInclude>
    <ClInclude Include="..\Laboratory\Voxel\freetype\include\freetype\ttunpat.h">
      <Filter>Voxel\freetype\include\freetype</Filter>
    </ClInclude>
    <ClInclude Include="..\Laboratory\Voxel\freetype\include\freetype\internal\autohint.h">
      <Filter>Voxel\freetype\include\freetype\internal</Filter>
    </ClInclude>
    <ClInclude Include="..\Laboratory\Voxel\freetype\include\freetype\internal\ftcalc.h">
      <Filter>Voxel\freetype\include\freetype\internal</Filter>
    </ClInclude>
    <ClInclude Include="..\Laboratory\Voxel\freetype\include\freetype\internal\ftdebug.h">
      <Filter>Voxel\freetype\include\freetype\internal</Filter>
    </ClInclude>
    <ClInclude Include="..\Laboratory\Voxel\freetype\include\freetype\internal\ftdriver.h">
      <Filter>Voxel\freetype\include\freetype\internal</Filter>
    </ClInclude>
    <ClInclude Include="..\Laboratory\Voxel\freetype\include\freetype\internal\ftgloadr.h">
      <Filter>Voxel\freetype\include\freetype\internal</Filter>
    </ClInclude>
    <ClInclude Include="..\Laboratory\Voxel\freetype\include\freetype\internal\ftmemory.h">
      <Filter>Voxel\freetype\include\freetype\internal</Filter>
    </ClInclude>
    <ClInclude Include="..\Laboratory\Voxel\freetype\include\freetype\internal\ftobjs.h">
      <Filter>Voxel\freetype\include\freetype\internal</Filter>
    </ClInclude>
    <ClInclude Include="..\Laboratory\Voxel\freetype\include\freetype\internal\ftrfork.h">
      <Filter>Voxel\freetype\include\freetype\internal</Filter>
    </ClInclude>
    <ClInclude Include="..\Laboratory\Voxel\freetype\include\freetype\internal\ftserv.h">
      <Filter>Voxel\freetype\include\freetype\internal</Filter>
    </ClInclude>
    <ClInclude Include="..\Laboratory\Voxel\freetype\include\freetype\internal\ftstream.h">
      <Filter>Voxel\freetype\include\freetype\internal</Filter>
    </ClInclude>
    <ClInclude Include="..\Laboratory\Voxel\freetype\include\freetype\internal\fttrace.h">
      <Filter>Voxel\freetype\include\freetype\internal</Filter>
    </ClInclude>
    <ClInclude Include="..\Laboratory\Voxel\freetype\include\freetype\internal\ftvalid.h">
      <Filter>Voxel\freetype\include\freetype\internal</Filter>
    </ClInclude>
    <ClInclude Include="..\Laboratory\Voxel\freetype\include\freetype\internal\internal.h">
      <Filter>Voxel\freetype\include\freetype\internal</Filter>
    </ClInclude>
    <ClInclude Include="..\Laboratory\Voxel\freetype\include\freetype\internal\pcftypes.h">
      <Filter>Voxel\freetype\include\freetype\internal</Filter>
    </ClInclude>
    <ClInclude Include="..\Laboratory\Voxel\freetype\include\freetype\internal\psaux.h">
      <Filter>Voxel\freetype\include\freetype\internal</Filter>
    </ClInclude>
    <ClInclude Include="..\Laboratory\Voxel\freetype\include\freetype\internal\pshints.h">
      <Filter>Voxel\freetype\include\freetype\internal</Filter>
    </ClInclude>
    <ClInclude Include="..\Laboratory\Voxel\freetype\include\freetype\internal\sfnt.h">
      <Filter>Voxel\freetype\include\freetype\internal</Filter>
    </ClInclude>
    <ClInclude Include="..\Laboratory\Voxel\freetype\include\freetype\internal\t1types.h">
      <Filter>Voxel\freetype\include\freetype\internal</Filter>
    </ClInclude>
    <ClInclude Include="..\Laboratory\Voxel\freetype\include\freetype\internal\tttypes.h">
      <Filter>Voxel\freetype\include\freetype\internal</Filter>
    </ClInclude>
    <ClInclude Include="..\Laboratory\Voxel\freetype\include\freetype\internal\services\svbdf.h">
      <Filter>Voxel\freetype\include\freetype\internal\services</Filter>
    </ClInclude>
    <ClInclude Include="..\Laboratory\Voxel\freetype\include\freetype\internal\services\svcid.h">
      <Filter>Voxel\freetype\include\freetype\internal\services</Filter>
    </ClInclude>
    <ClInclude Include="..\Laboratory\Voxel\freetype\include\freetype\internal\services\svgldict.h">
      <Filter>Voxel\freetype\include\freetype\internal\services</Filter>
    </ClInclude>
    <ClInclude Include="..\Laboratory\Voxel\freetype\include\freetype\internal\services\svgxval.h">
      <Filter>Voxel\freetype\include\freetype\internal\services</Filter>
    </ClInclude>
    <ClInclude Include="..\Laboratory\Voxel\freetype\include\freetype\internal\services\svkern.h">
      <Filter>Voxel\freetype\include\freetype\internal\services</Filter>
    </ClInclude>
    <ClInclude Include="..\Laboratory\Voxel\freetype\include\freetype\internal\services\svmm.h">
      <Filter>Voxel\freetype\include\freetype\internal\services</Filter>
    </ClInclude>
    <ClInclude Include="..\Laboratory\Voxel\freetype\include\freetype\internal\services\svotval.h">
      <Filter>Voxel\freetype\include\freetype\internal\services</Filter>
    </ClInclude>
    <ClInclude Include="..\Laboratory\Voxel\freetype\include\freetype\internal\services\svpfr.h">
      <Filter>Voxel\freetype\include\freetype\internal\services</Filter>
    </ClInclude>
    <ClInclude Include="..\Laboratory\Voxel\freetype\include\freetype\internal\services\svpostnm.h">
      <Filter>Voxel\freetype\include\freetype\internal\services</Filter>
    </ClInclude>
    <ClInclude Include="..\Laboratory\Voxel\freetype\include\freetype\internal\services\svpscmap.h">
      <Filter>Voxel\freetype\include\freetype\internal\services</Filter>
    </ClInclude>
    <ClInclude Include="..\Laboratory\Voxel\freetype\include\freetype\internal\services\svpsinfo.h">
      <Filter>Voxel\freetype\include\freetype\internal\services</Filter>
    </ClInclude>
    <ClInclude Include="..\Laboratory\Voxel\freetype\include\freetype\internal\services\svsfnt.h">
      <Filter>Voxel\freetype\include\freetype\internal\services</Filter>
    </ClInclude>
    <ClInclude Include="..\Laboratory\Voxel\freetype\include\freetype\internal\services\svttcmap.h">
      <Filter>Voxel\freetype\include\freetype\internal\services</Filter>
    </ClInclude>
    <ClInclude Include="..\Laboratory\Voxel\freetype\include\freetype\internal\services\svtteng.h">
      <Filter>Voxel\freetype\include\freetype\internal\services</Filter>
    </ClInclude>
    <ClInclude Include="..\Laboratory\Voxel\freetype\include\freetype\internal\services\svttglyf.h">
      <Filter>Voxel\freetype\include\freetype\internal\services</Filter>
    </ClInclude>
    <ClInclude Include="..\Laboratory\Voxel\freetype\include\freetype\internal\services\svwinfnt.h">
      <Filter>Voxel\freetype\include\freetype\internal\services</Filter>
    </ClInclude>
    <ClInclude Include="..\Laboratory\Voxel\freetype\include\freetype\internal\services\svxf86nm.h">
      <Filter>Voxel\freetype\include\freetype\internal\services</Filter>
    </ClInclude>
    <ClInclude Include="..\Laboratory\Voxel\freetype\include\freetype\config\ftconfig.h">
      <Filter>Voxel\freetype\include\freetype\config</Filter>
    </ClInclude>
    <ClInclude Include="..\Laboratory\Voxel\freetype\include\freetype\config\ftheader.h">
      <Filter>Voxel\freetype\include\freetype\config</Filter>
    </ClInclude>
    <ClInclude Include="..\Laboratory\Voxel\freetype\include\freetype\config\ftmodule.h">
      <Filter>Voxel\freetype\include\freetype\config</Filter>
    </ClInclude>
    <ClInclude Include="..\Laboratory\Voxel\freetype\include\freetype\config\ftoption.h">
      <Filter>Voxel\freetype\include\freetype\config</Filter>
    </ClInclude>
    <ClInclude Include="..\Laboratory\Voxel\freetype\include\freetype\config\ftstdlib.h">
      <Filter>Voxel\freetype\include\freetype\config</Filter>
    </ClInclude>
    <ClInclude Include="..\Laboratory\Voxel\utils\FileUtils.h">
      <Filter>Voxel\utils</Filter>
    </ClInclude>
    <ClInclude Include="..\Laboratory\Voxel\utils\Interpolator.h">
      <Filter>Voxel\utils</Filter>
    </ClInclude>
    <ClInclude Include="..\Laboratory\Voxel\utils\Random.h">
      <Filter>Voxel\utils</Filter>
    </ClInclude>
  </ItemGroup>
  <ItemGroup>
    <Text Include="..\Laboratory\Voxel\blocks\CMakeLists.txt">
      <Filter>Voxel\blocks</Filter>
    </Text>
    <Text Include="..\Laboratory\Voxel\Renderer\CMakeLists.txt">
      <Filter>Voxel\Renderer</Filter>
    </Text>
    <Text Include="..\Laboratory\Voxel\Maths\CMakeLists.txt">
      <Filter>Voxel\Maths</Filter>
    </Text>
    <Text Include="..\Laboratory\Voxel\tinythread\CMakeLists.txt">
      <Filter>Voxel\tinythread</Filter>
    </Text>
    <Text Include="..\Laboratory\Voxel\glm\CMakeLists.txt">
      <Filter>Voxel\glm</Filter>
    </Text>
    <Text Include="..\Laboratory\Voxel\libnoise\CMakeLists.txt">
      <Filter>Voxel\libnoise</Filter>
    </Text>
    <Text Include="..\Laboratory\Voxel\ini\CMakeLists.txt">
      <Filter>Voxel\ini</Filter>
    </Text>
    <Text Include="..\Laboratory\Voxel\models\CMakeLists.txt">
      <Filter>Voxel\models</Filter>
    </Text>
  </ItemGroup>
  <ItemGroup>
    <None Include="..\Laboratory\Voxel\glm\detail\func_common.inl">
      <Filter>Voxel\glm\detail</Filter>
    </None>
    <None Include="..\Laboratory\Voxel\glm\detail\func_exponential.inl">
      <Filter>Voxel\glm\detail</Filter>
    </None>
    <None Include="..\Laboratory\Voxel\glm\detail\func_geometric.inl">
      <Filter>Voxel\glm\detail</Filter>
    </None>
    <None Include="..\Laboratory\Voxel\glm\detail\func_integer.inl">
      <Filter>Voxel\glm\detail</Filter>
    </None>
    <None Include="..\Laboratory\Voxel\glm\detail\func_matrix.inl">
      <Filter>Voxel\glm\detail</Filter>
    </None>
    <None Include="..\Laboratory\Voxel\glm\detail\func_packing.inl">
      <Filter>Voxel\glm\detail</Filter>
    </None>
    <None Include="..\Laboratory\Voxel\glm\detail\func_trigonometric.inl">
      <Filter>Voxel\glm\detail</Filter>
    </None>
    <None Include="..\Laboratory\Voxel\glm\detail\func_vector_relational.inl">
      <Filter>Voxel\glm\detail</Filter>
    </None>
    <None Include="..\Laboratory\Voxel\glm\detail\intrinsic_common.inl">
      <Filter>Voxel\glm\detail</Filter>
    </None>
    <None Include="..\Laboratory\Voxel\glm\detail\intrinsic_exponential.inl">
      <Filter>Voxel\glm\detail</Filter>
    </None>
    <None Include="..\Laboratory\Voxel\glm\detail\intrinsic_geometric.inl">
      <Filter>Voxel\glm\detail</Filter>
    </None>
    <None Include="..\Laboratory\Voxel\glm\detail\intrinsic_integer.inl">
      <Filter>Voxel\glm\detail</Filter>
    </None>
    <None Include="..\Laboratory\Voxel\glm\detail\intrinsic_matrix.inl">
      <Filter>Voxel\glm\detail</Filter>
    </None>
    <None Include="..\Laboratory\Voxel\glm\detail\intrinsic_trigonometric.inl">
      <Filter>Voxel\glm\detail</Filter>
    </None>
    <None Include="..\Laboratory\Voxel\glm\detail\intrinsic_vector_relational.inl">
      <Filter>Voxel\glm\detail</Filter>
    </None>
    <None Include="..\Laboratory\Voxel\glm\detail\type_gentype.inl">
      <Filter>Voxel\glm\detail</Filter>
    </None>
    <None Include="..\Laboratory\Voxel\glm\detail\type_half.inl">
      <Filter>Voxel\glm\detail</Filter>
    </None>
    <None Include="..\Laboratory\Voxel\glm\detail\type_mat.inl">
      <Filter>Voxel\glm\detail</Filter>
    </None>
    <None Include="..\Laboratory\Voxel\glm\detail\type_mat2x2.inl">
      <Filter>Voxel\glm\detail</Filter>
    </None>
    <None Include="..\Laboratory\Voxel\glm\detail\type_mat2x3.inl">
      <Filter>Voxel\glm\detail</Filter>
    </None>
    <None Include="..\Laboratory\Voxel\glm\detail\type_mat2x4.inl">
      <Filter>Voxel\glm\detail</Filter>
    </None>
    <None Include="..\Laboratory\Voxel\glm\detail\type_mat3x2.inl">
      <Filter>Voxel\glm\detail</Filter>
    </None>
    <None Include="..\Laboratory\Voxel\glm\detail\type_mat3x3.inl">
      <Filter>Voxel\glm\detail</Filter>
    </None>
    <None Include="..\Laboratory\Voxel\glm\detail\type_mat3x4.inl">
      <Filter>Voxel\glm\detail</Filter>
    </None>
    <None Include="..\Laboratory\Voxel\glm\detail\type_mat4x2.inl">
      <Filter>Voxel\glm\detail</Filter>
    </None>
    <None Include="..\Laboratory\Voxel\glm\detail\type_mat4x3.inl">
      <Filter>Voxel\glm\detail</Filter>
    </None>
    <None Include="..\Laboratory\Voxel\glm\detail\type_mat4x4.inl">
      <Filter>Voxel\glm\detail</Filter>
    </None>
    <None Include="..\Laboratory\Voxel\glm\detail\type_vec.inl">
      <Filter>Voxel\glm\detail</Filter>
    </None>
    <None Include="..\Laboratory\Voxel\glm\detail\type_vec1.inl">
      <Filter>Voxel\glm\detail</Filter>
    </None>
    <None Include="..\Laboratory\Voxel\glm\detail\type_vec2.inl">
      <Filter>Voxel\glm\detail</Filter>
    </None>
    <None Include="..\Laboratory\Voxel\glm\detail\type_vec3.inl">
      <Filter>Voxel\glm\detail</Filter>
    </None>
    <None Include="..\Laboratory\Voxel\glm\detail\type_vec4.inl">
      <Filter>Voxel\glm\detail</Filter>
    </None>
    <None Include="..\Laboratory\Voxel\glm\detail\type_vec4_avx.inl">
      <Filter>Voxel\glm\detail</Filter>
    </None>
    <None Include="..\Laboratory\Voxel\glm\detail\type_vec4_avx2.inl">
      <Filter>Voxel\glm\detail</Filter>
    </None>
    <None Include="..\Laboratory\Voxel\glm\detail\type_vec4_sse2.inl">
      <Filter>Voxel\glm\detail</Filter>
    </None>
    <None Include="..\Laboratory\Voxel\glm\gtc\bitfield.inl">
      <Filter>Voxel\glm\gtc</Filter>
    </None>
    <None Include="..\Laboratory\Voxel\glm\gtc\color_space.inl">
      <Filter>Voxel\glm\gtc</Filter>
    </None>
    <None Include="..\Laboratory\Voxel\glm\gtc\constants.inl">
      <Filter>Voxel\glm\gtc</Filter>
    </None>
    <None Include="..\Laboratory\Voxel\glm\gtc\epsilon.inl">
      <Filter>Voxel\glm\gtc</Filter>
    </None>
    <None Include="..\Laboratory\Voxel\glm\gtc\integer.inl">
      <Filter>Voxel\glm\gtc</Filter>
    </None>
    <None Include="..\Laboratory\Voxel\glm\gtc\matrix_access.inl">
      <Filter>Voxel\glm\gtc</Filter>
    </None>
    <None Include="..\Laboratory\Voxel\glm\gtc\matrix_inverse.inl">
      <Filter>Voxel\glm\gtc</Filter>
    </None>
    <None Include="..\Laboratory\Voxel\glm\gtc\matrix_transform.inl">
      <Filter>Voxel\glm\gtc</Filter>
    </None>
    <None Include="..\Laboratory\Voxel\glm\gtc\noise.inl">
      <Filter>Voxel\glm\gtc</Filter>
    </None>
    <None Include="..\Laboratory\Voxel\glm\gtc\packing.inl">
      <Filter>Voxel\glm\gtc</Filter>
    </None>
    <None Include="..\Laboratory\Voxel\glm\gtc\quaternion.inl">
      <Filter>Voxel\glm\gtc</Filter>
    </None>
    <None Include="..\Laboratory\Voxel\glm\gtc\random.inl">
      <Filter>Voxel\glm\gtc</Filter>
    </None>
    <None Include="..\Laboratory\Voxel\glm\gtc\reciprocal.inl">
      <Filter>Voxel\glm\gtc</Filter>
    </None>
    <None Include="..\Laboratory\Voxel\glm\gtc\round.inl">
      <Filter>Voxel\glm\gtc</Filter>
    </None>
    <None Include="..\Laboratory\Voxel\glm\gtc\type_precision.inl">
      <Filter>Voxel\glm\gtc</Filter>
    </None>
    <None Include="..\Laboratory\Voxel\glm\gtc\type_ptr.inl">
      <Filter>Voxel\glm\gtc</Filter>
    </None>
    <None Include="..\Laboratory\Voxel\glm\gtc\ulp.inl">
      <Filter>Voxel\glm\gtc</Filter>
    </None>
    <None Include="..\Laboratory\Voxel\glm\gtc\vec1.inl">
      <Filter>Voxel\glm\gtc</Filter>
    </None>
    <None Include="..\Laboratory\Voxel\glm\gtx\associated_min_max.inl">
      <Filter>Voxel\glm\gtx</Filter>
    </None>
    <None Include="..\Laboratory\Voxel\glm\gtx\bit.inl">
      <Filter>Voxel\glm\gtx</Filter>
    </None>
    <None Include="..\Laboratory\Voxel\glm\gtx\closest_point.inl">
      <Filter>Voxel\glm\gtx</Filter>
    </None>
    <None Include="..\Laboratory\Voxel\glm\gtx\color_space.inl">
      <Filter>Voxel\glm\gtx</Filter>
    </None>
    <None Include="..\Laboratory\Voxel\glm\gtx\color_space_YCoCg.inl">
      <Filter>Voxel\glm\gtx</Filter>
    </None>
    <None Include="..\Laboratory\Voxel\glm\gtx\common.inl">
      <Filter>Voxel\glm\gtx</Filter>
    </None>
    <None Include="..\Laboratory\Voxel\glm\gtx\compatibility.inl">
      <Filter>Voxel\glm\gtx</Filter>
    </None>
    <None Include="..\Laboratory\Voxel\glm\gtx\component_wise.inl">
      <Filter>Voxel\glm\gtx</Filter>
    </None>
    <None Include="..\Laboratory\Voxel\glm\gtx\dual_quaternion.inl">
      <Filter>Voxel\glm\gtx</Filter>
    </None>
    <None Include="..\Laboratory\Voxel\glm\gtx\euler_angles.inl">
      <Filter>Voxel\glm\gtx</Filter>
    </None>
    <None Include="..\Laboratory\Voxel\glm\gtx\extend.inl">
      <Filter>Voxel\glm\gtx</Filter>
    </None>
    <None Include="..\Laboratory\Voxel\glm\gtx\extended_min_max.inl">
      <Filter>Voxel\glm\gtx</Filter>
    </None>
    <None Include="..\Laboratory\Voxel\glm\gtx\fast_exponential.inl">
      <Filter>Voxel\glm\gtx</Filter>
    </None>
    <None Include="..\Laboratory\Voxel\glm\gtx\fast_square_root.inl">
      <Filter>Voxel\glm\gtx</Filter>
    </None>
    <None Include="..\Laboratory\Voxel\glm\gtx\fast_trigonometry.inl">
      <Filter>Voxel\glm\gtx</Filter>
    </None>
    <None Include="..\Laboratory\Voxel\glm\gtx\float_notmalize.inl">
      <Filter>Voxel\glm\gtx</Filter>
    </None>
    <None Include="..\Laboratory\Voxel\glm\gtx\gradient_paint.inl">
      <Filter>Voxel\glm\gtx</Filter>
    </None>
    <None Include="..\Laboratory\Voxel\glm\gtx\handed_coordinate_space.inl">
      <Filter>Voxel\glm\gtx</Filter>
    </None>
    <None Include="..\Laboratory\Voxel\glm\gtx\hash.inl">
      <Filter>Voxel\glm\gtx</Filter>
    </None>
    <None Include="..\Laboratory\Voxel\glm\gtx\integer.inl">
      <Filter>Voxel\glm\gtx</Filter>
    </None>
    <None Include="..\Laboratory\Voxel\glm\gtx\intersect.inl">
      <Filter>Voxel\glm\gtx</Filter>
    </None>
    <None Include="..\Laboratory\Voxel\glm\gtx\io.inl">
      <Filter>Voxel\glm\gtx</Filter>
    </None>
    <None Include="..\Laboratory\Voxel\glm\gtx\log_base.inl">
      <Filter>Voxel\glm\gtx</Filter>
    </None>
    <None Include="..\Laboratory\Voxel\glm\gtx\matrix_cross_product.inl">
      <Filter>Voxel\glm\gtx</Filter>
    </None>
    <None Include="..\Laboratory\Voxel\glm\gtx\matrix_decompose.inl">
      <Filter>Voxel\glm\gtx</Filter>
    </None>
    <None Include="..\Laboratory\Voxel\glm\gtx\matrix_interpolation.inl">
      <Filter>Voxel\glm\gtx</Filter>
    </None>
    <None Include="..\Laboratory\Voxel\glm\gtx\matrix_major_storage.inl">
      <Filter>Voxel\glm\gtx</Filter>
    </None>
    <None Include="..\Laboratory\Voxel\glm\gtx\matrix_operation.inl">
      <Filter>Voxel\glm\gtx</Filter>
    </None>
    <None Include="..\Laboratory\Voxel\glm\gtx\matrix_query.inl">
      <Filter>Voxel\glm\gtx</Filter>
    </None>
    <None Include="..\Laboratory\Voxel\glm\gtx\matrix_transform_2d.inl">
      <Filter>Voxel\glm\gtx</Filter>
    </None>
    <None Include="..\Laboratory\Voxel\glm\gtx\mixed_product.inl">
      <Filter>Voxel\glm\gtx</Filter>
    </None>
    <None Include="..\Laboratory\Voxel\glm\gtx\norm.inl">
      <Filter>Voxel\glm\gtx</Filter>
    </None>
    <None Include="..\Laboratory\Voxel\glm\gtx\normal.inl">
      <Filter>Voxel\glm\gtx</Filter>
    </None>
    <None Include="..\Laboratory\Voxel\glm\gtx\normalize_dot.inl">
      <Filter>Voxel\glm\gtx</Filter>
    </None>
    <None Include="..\Laboratory\Voxel\glm\gtx\number_precision.inl">
      <Filter>Voxel\glm\gtx</Filter>
    </None>
    <None Include="..\Laboratory\Voxel\glm\gtx\optimum_pow.inl">
      <Filter>Voxel\glm\gtx</Filter>
    </None>
    <None Include="..\Laboratory\Voxel\glm\gtx\orthonormalize.inl">
      <Filter>Voxel\glm\gtx</Filter>
    </None>
    <None Include="..\Laboratory\Voxel\glm\gtx\perpendicular.inl">
      <Filter>Voxel\glm\gtx</Filter>
    </None>
    <None Include="..\Laboratory\Voxel\glm\gtx\polar_coordinates.inl">
      <Filter>Voxel\glm\gtx</Filter>
    </None>
    <None Include="..\Laboratory\Voxel\glm\gtx\projection.inl">
      <Filter>Voxel\glm\gtx</Filter>
    </None>
    <None Include="..\Laboratory\Voxel\glm\gtx\quaternion.inl">
      <Filter>Voxel\glm\gtx</Filter>
    </None>
    <None Include="..\Laboratory\Voxel\glm\gtx\raw_data.inl">
      <Filter>Voxel\glm\gtx</Filter>
    </None>
    <None Include="..\Laboratory\Voxel\glm\gtx\rotate_normalized_axis.inl">
      <Filter>Voxel\glm\gtx</Filter>
    </None>
    <None Include="..\Laboratory\Voxel\glm\gtx\rotate_vector.inl">
      <Filter>Voxel\glm\gtx</Filter>
    </None>
    <None Include="..\Laboratory\Voxel\glm\gtx\scalar_relational.inl">
      <Filter>Voxel\glm\gtx</Filter>
    </None>
    <None Include="..\Laboratory\Voxel\glm\gtx\simd_mat4.inl">
      <Filter>Voxel\glm\gtx</Filter>
    </None>
    <None Include="..\Laboratory\Voxel\glm\gtx\simd_quat.inl">
      <Filter>Voxel\glm\gtx</Filter>
    </None>
    <None Include="..\Laboratory\Voxel\glm\gtx\simd_vec4.inl">
      <Filter>Voxel\glm\gtx</Filter>
    </None>
    <None Include="..\Laboratory\Voxel\glm\gtx\spline.inl">
      <Filter>Voxel\glm\gtx</Filter>
    </None>
    <None Include="..\Laboratory\Voxel\glm\gtx\std_based_type.inl">
      <Filter>Voxel\glm\gtx</Filter>
    </None>
    <None Include="..\Laboratory\Voxel\glm\gtx\string_cast.inl">
      <Filter>Voxel\glm\gtx</Filter>
    </None>
    <None Include="..\Laboratory\Voxel\glm\gtx\transform.inl">
      <Filter>Voxel\glm\gtx</Filter>
    </None>
    <None Include="..\Laboratory\Voxel\glm\gtx\transform2.inl">
      <Filter>Voxel\glm\gtx</Filter>
    </None>
    <None Include="..\Laboratory\Voxel\glm\gtx\type_aligned.inl">
      <Filter>Voxel\glm\gtx</Filter>
    </None>
    <None Include="..\Laboratory\Voxel\glm\gtx\vector_angle.inl">
      <Filter>Voxel\glm\gtx</Filter>
    </None>
    <None Include="..\Laboratory\Voxel\glm\gtx\vector_query.inl">
      <Filter>Voxel\glm\gtx</Filter>
    </None>
    <None Include="..\Laboratory\Voxel\glm\gtx\wrap.inl">
      <Filter>Voxel\glm\gtx</Filter>
    </None>
    <None Include="..\README.md" />
  </ItemGroup>
</Project>