<?xml version="1.0" encoding="utf-8"?>
<Project ToolsVersion="4.0" xmlns="http://schemas.microsoft.com/developer/msbuild/2003">
  <ItemGroup>
    <None Include="..\README.md" />
    <None Include="..\Creator\README.md">
      <Filter>Creator</Filter>
    </None>
  </ItemGroup>
  <ItemGroup>
    <ClCompile Include="..\Creator\main.cpp">
      <Filter>Creator</Filter>
    </ClCompile>
    <ClCompile Include="..\Runtime\_c2Command\Command.cpp">
      <Filter>Runtime\_c2Command</Filter>
    </ClCompile>
    <ClCompile Include="..\Examples\templab.cpp">
      <Filter>Examples</Filter>
    </ClCompile>
    <ClCompile Include="..\Runtime\_c2Application\tsMemQueue.cpp">
      <Filter>Runtime\_c2Application</Filter>
    </ClCompile>
    <ClCompile Include="..\Runtime\_c2Application\Application.cpp">
      <Filter>Runtime\_c2Application</Filter>
    </ClCompile>
    <ClCompile Include="..\Creator\imgui\imgui_widgets.cpp">
      <Filter>Creator\imgui</Filter>
    </ClCompile>
    <ClCompile Include="..\Creator\imgui\imgui.cpp">
      <Filter>Creator\imgui</Filter>
    </ClCompile>
    <ClCompile Include="..\Creator\imgui\imgui_demo.cpp">
      <Filter>Creator\imgui</Filter>
    </ClCompile>
    <ClCompile Include="..\Creator\imgui\imgui_draw.cpp">
      <Filter>Creator\imgui</Filter>
    </ClCompile>
    <ClCompile Include="..\Creator\imgui\imgui_impl_glfw.cpp">
      <Filter>Creator\imgui</Filter>
    </ClCompile>
  </ItemGroup>
  <ItemGroup>
    <Filter Include="Creator">
      <UniqueIdentifier>{6cbf54f4-3e01-4cd7-b6aa-2029e23ac61a}</UniqueIdentifier>
    </Filter>
    <Filter Include="Runtime">
      <UniqueIdentifier>{9464ae04-ab26-44ca-9561-2abeeb8e790b}</UniqueIdentifier>
    </Filter>
    <Filter Include="Runtime\Metas">
      <UniqueIdentifier>{5555ead9-23ba-4ce0-b02e-9f6b36e38a58}</UniqueIdentifier>
    </Filter>
    <Filter Include="Creator\GPanelAssets">
      <UniqueIdentifier>{457e174e-cb98-4a93-a856-b7f3a9b92bcb}</UniqueIdentifier>
    </Filter>
    <Filter Include="Runtime\_c2Debugger">
      <UniqueIdentifier>{5a24d493-4c50-4fca-aee5-bdcd253f4e9f}</UniqueIdentifier>
    </Filter>
    <Filter Include="Runtime\c2PresentationCG">
      <UniqueIdentifier>{f79a9e81-f516-48b2-ad53-f1dd9c301494}</UniqueIdentifier>
    </Filter>
    <Filter Include="Runtime\c2PresentationCG\c2PartGeometry">
      <UniqueIdentifier>{a6edeb6b-846b-419e-829e-061774987dd4}</UniqueIdentifier>
    </Filter>
    <Filter Include="Runtime\c2PresentationCG\c2PartGeometry\_c2PartSpacetree">
      <UniqueIdentifier>{93449683-f696-4dc3-b487-303d937c7fcd}</UniqueIdentifier>
    </Filter>
    <Filter Include="Runtime\_c2Command">
      <UniqueIdentifier>{0d81982c-9e10-4ac4-a5a0-249814c1f1c2}</UniqueIdentifier>
    </Filter>
    <Filter Include="Runtime\_c2Filestream">
      <UniqueIdentifier>{38d7a9dd-9405-4dc6-bc12-4e61492fd103}</UniqueIdentifier>
    </Filter>
    <Filter Include="Runtime\c2PresentationCG\c2PartAudio">
      <UniqueIdentifier>{369671e2-2545-4d9c-b36d-6564a2b70395}</UniqueIdentifier>
    </Filter>
    <Filter Include="Runtime\c2PresentationCG\c2PartController">
      <UniqueIdentifier>{f836451e-504d-4618-ab32-6a94be555d6d}</UniqueIdentifier>
    </Filter>
    <Filter Include="Runtime\c2PresentationCG\c2PartInfoCollector">
      <UniqueIdentifier>{aaa70403-78bb-423a-b080-e5f97339a71b}</UniqueIdentifier>
    </Filter>
    <Filter Include="Runtime\c2PresentationCG\c2PartVisual">
      <UniqueIdentifier>{d31138b6-0a9b-4954-a1fd-7ed840c586ce}</UniqueIdentifier>
    </Filter>
    <Filter Include="Runtime\c2PresentationCG\Render">
      <UniqueIdentifier>{5f2e03eb-dbb0-4460-bc88-860e82cc553a}</UniqueIdentifier>
    </Filter>
    <Filter Include="Examples">
      <UniqueIdentifier>{ea5745db-6d61-4203-9505-0996f96e6b9f}</UniqueIdentifier>
    </Filter>
    <Filter Include="Runtime\_c2Application">
      <UniqueIdentifier>{f568f275-b9c9-4eb9-aa29-92a6997c8a56}</UniqueIdentifier>
    </Filter>
    <Filter Include="Creator\imgui">
      <UniqueIdentifier>{d7a966fe-a1f1-40ca-9445-3b8dbe1405ba}</UniqueIdentifier>
    </Filter>
  </ItemGroup>
  <ItemGroup>
    <ClInclude Include="..\Runtime\Metas\OneRoute.h">
      <Filter>Runtime\Metas</Filter>
    </ClInclude>
    <ClInclude Include="..\Runtime\Metas\Part.h">
      <Filter>Runtime\Metas</Filter>
    </ClInclude>
    <ClInclude Include="..\Creator\GPanelAssets\GPanelAssets.h">
      <Filter>Creator\GPanelAssets</Filter>
    </ClInclude>
    <ClInclude Include="..\Runtime\_c2Debugger\Console.h">
      <Filter>Runtime\_c2Debugger</Filter>
    </ClInclude>
    <ClInclude Include="..\Runtime\c2Debugger.h">
      <Filter>Runtime</Filter>
    </ClInclude>
    <ClInclude Include="..\Runtime\c2Filestream.h">
      <Filter>Runtime</Filter>
    </ClInclude>
    <ClInclude Include="..\Runtime\_c2Filestream\VFS.h">
      <Filter>Runtime\_c2Filestream</Filter>
    </ClInclude>
    <ClInclude Include="..\Runtime\c2PresentationCG\c2PartAudio\AudDevice.h">
      <Filter>Runtime\c2PresentationCG\c2PartAudio</Filter>
    </ClInclude>
    <ClInclude Include="..\Runtime\c2PresentationCG\c2PartAudio\c2PartBGM.h">
      <Filter>Runtime\c2PresentationCG\c2PartAudio</Filter>
    </ClInclude>
    <ClInclude Include="..\Runtime\c2PresentationCG\c2PartAudio\c2PartSFX.h">
      <Filter>Runtime\c2PresentationCG\c2PartAudio</Filter>
    </ClInclude>
    <ClInclude Include="..\Runtime\c2PresentationCG\c2PartController\c2PartAnimation.h">
      <Filter>Runtime\c2PresentationCG\c2PartController</Filter>
    </ClInclude>
    <ClInclude Include="..\Runtime\c2PresentationCG\c2PartInfoCollector\c2PartNavigation.h">
      <Filter>Runtime\c2PresentationCG\c2PartInfoCollector</Filter>
    </ClInclude>
    <ClInclude Include="..\Runtime\c2PresentationCG\c2PartVisual\c2PartParticle.h">
      <Filter>Runtime\c2PresentationCG\c2PartVisual</Filter>
    </ClInclude>
    <ClInclude Include="..\Runtime\c2PresentationCG\Render\RenderPath.h">
      <Filter>Runtime\c2PresentationCG\Render</Filter>
    </ClInclude>
    <ClInclude Include="..\Runtime\c2PresentationCG\Render\Material.h">
      <Filter>Runtime\c2PresentationCG\Render</Filter>
    </ClInclude>
    <ClInclude Include="..\Runtime\c2Application.h">
      <Filter>Runtime</Filter>
    </ClInclude>
    <ClInclude Include="..\Runtime\_c2Application\tsMemQueue.h">
      <Filter>Runtime\_c2Application</Filter>
    </ClInclude>
    <ClInclude Include="..\Runtime\c2PresentationCG\c2PartGeometry\_c2PartSpacetree\Node.h">
      <Filter>Runtime\c2PresentationCG\c2PartGeometry\_c2PartSpacetree</Filter>
    </ClInclude>
    <ClInclude Include="..\Runtime\_c2Application\gleq.h">
      <Filter>Runtime\_c2Application</Filter>
    </ClInclude>
    <ClInclude Include="..\Runtime\c2DefEvent.h">
      <Filter>Runtime</Filter>
    </ClInclude>
    <ClInclude Include="..\Runtime\c2PreDefined.h">
      <Filter>Runtime</Filter>
    </ClInclude>
    <ClInclude Include="..\Runtime\_c2Application\BrainTree.h">
      <Filter>Runtime\_c2Application</Filter>
    </ClInclude>
    <ClInclude Include="..\Creator\imgui\imgui_impl_glfw.h">
      <Filter>Creator\imgui</Filter>
    </ClInclude>
    <ClInclude Include="..\Creator\imgui\imgui_internal.h">
      <Filter>Creator\imgui</Filter>
    </ClInclude>
    <ClInclude Include="..\Creator\imgui\imconfig.h">
      <Filter>Creator\imgui</Filter>
    </ClInclude>
    <ClInclude Include="..\Creator\imgui\imgui.h">
      <Filter>Creator\imgui</Filter>
    </ClInclude>
    <ClInclude Include="..\Creator\imgui\imstb_truetype.h">
      <Filter>Creator\imgui</Filter>
    </ClInclude>
    <ClInclude Include="..\Creator\imgui\imstb_rectpack.h">
      <Filter>Creator\imgui</Filter>
    </ClInclude>
    <ClInclude Include="..\Creator\imgui\imstb_textedit.h">
      <Filter>Creator\imgui</Filter>
    </ClInclude>
  </ItemGroup>
  <ItemGroup>
    <Text Include="..\Creator\GPanelAssets\CMakeLists.txt">
      <Filter>Creator\GPanelAssets</Filter>
    </Text>
    <Text Include="..\Runtime\Metas\CMakeLists.txt">
      <Filter>Runtime\Metas</Filter>
    </Text>
    <Text Include="..\Runtime\c2PresentationCG\c2PartGeometry\_c2PartSpacetree\CMakeLists.txt">
      <Filter>Runtime\c2PresentationCG\c2PartGeometry\_c2PartSpacetree</Filter>
    </Text>
    <Text Include="..\Runtime\_c2Debugger\CMakeLists.txt">
      <Filter>Runtime\_c2Debugger</Filter>
    </Text>
    <Text Include="..\Runtime\_c2Activity\CMakeLists.txt">
      <Filter>Runtime\_c2Application</Filter>
    </Text>
    <Text Include="..\Runtime\CMakeLists.txt">
      <Filter>Runtime</Filter>
    </Text>
    <Text Include="..\Runtime\_c2Command\CMakeLists.txt">
      <Filter>Runtime\_c2Command</Filter>
    </Text>
    <Text Include="..\Runtime\_c2Filestream\CMakeLists.txt">
      <Filter>Runtime\_c2Filestream</Filter>
    </Text>
    <Text Include="..\Runtime\c2PresentationCG\c2PartAudio\CMakeLists.txt">
      <Filter>Runtime\c2PresentationCG\c2PartAudio</Filter>
    </Text>
    <Text Include="..\Runtime\c2PresentationCG\c2PartController\CMakeLists.txt">
      <Filter>Runtime\c2PresentationCG\c2PartController</Filter>
    </Text>
    <Text Include="..\Runtime\c2PresentationCG\c2PartInfoCollector\CMakeLists.txt">
      <Filter>Runtime\c2PresentationCG\c2PartInfoCollector</Filter>
    </Text>
    <Text Include="..\Runtime\c2PresentationCG\c2PartVisual\CMakeLists.txt">
      <Filter>Runtime\c2PresentationCG\c2PartVisual</Filter>
    </Text>
    <Text Include="..\Runtime\c2PresentationCG\Render\CMakeLists.txt">
      <Filter>Runtime\c2PresentationCG\Render</Filter>
    </Text>
  </ItemGroup>
</Project>