<?xml version="1.0" encoding="utf-8"?>
<Project ToolsVersion="4.0" xmlns="http://schemas.microsoft.com/developer/msbuild/2003">
  <ItemGroup>
    <None Include="..\Runtime\ThirdParty\imgui\docs\README.md">
      <Filter>ThirdParty\imgui\docs</Filter>
    </None>
    <None Include="..\README.md" />
    <None Include="..\Runtime\ThirdParty\stb\README.md">
      <Filter>ThirdParty\stb</Filter>
    </None>
    <None Include="D:\lab\Mali_OpenGL_ES_Emulator-v3.0.2.g694a9-Windows-32bit\es3voxel.vs">
      <Filter>c2PartVoxelSpace</Filter>
    </None>
    <None Include="D:\lab\Mali_OpenGL_ES_Emulator-v3.0.2.g694a9-Windows-32bit\330voxel.fs">
      <Filter>c2PartVoxelSpace</Filter>
    </None>
    <None Include="D:\lab\Mali_OpenGL_ES_Emulator-v3.0.2.g694a9-Windows-32bit\330voxel.vs">
      <Filter>c2PartVoxelSpace</Filter>
    </None>
    <None Include="D:\lab\Mali_OpenGL_ES_Emulator-v3.0.2.g694a9-Windows-32bit\es3voxel.fs">
      <Filter>c2PartVoxelSpace</Filter>
    </None>
  </ItemGroup>
  <ItemGroup>
    <ClCompile Include="..\Runtime\_c2Command\Command.cpp">
      <Filter>_c2Command</Filter>
    </ClCompile>
    <ClCompile Include="..\Runtime\_c2Application\tsMemQueue.cpp">
      <Filter>_c2Application</Filter>
    </ClCompile>
    <ClCompile Include="..\Runtime\_c2Application\Application.cpp">
      <Filter>_c2Application</Filter>
    </ClCompile>
    <ClCompile Include="..\Runtime\ThirdParty\imgui\imgui.cpp">
      <Filter>ThirdParty\imgui</Filter>
    </ClCompile>
    <ClCompile Include="..\Runtime\ThirdParty\imgui\imgui_demo.cpp">
      <Filter>ThirdParty\imgui</Filter>
    </ClCompile>
    <ClCompile Include="..\Runtime\ThirdParty\imgui\imgui_draw.cpp">
      <Filter>ThirdParty\imgui</Filter>
    </ClCompile>
    <ClCompile Include="..\Runtime\ThirdParty\imgui\imgui_widgets.cpp">
      <Filter>ThirdParty\imgui</Filter>
    </ClCompile>
    <ClCompile Include="..\Runtime\ThirdParty\imgui\examples\imgui_impl_glfw.cpp">
      <Filter>ThirdParty\imgui\examples</Filter>
    </ClCompile>
    <ClCompile Include="..\Runtime\ThirdParty\imgui\examples\imgui_impl_opengl3.cpp">
      <Filter>ThirdParty\imgui\examples</Filter>
    </ClCompile>
    <ClCompile Include="..\Runtime\ThirdParty\glad\src\glad.c">
      <Filter>ThirdParty\glad\src</Filter>
    </ClCompile>
    <ClCompile Include="..\Runtime\_c2Application\glfwSetInputCallback.cpp">
      <Filter>_c2Application</Filter>
    </ClCompile>
    <ClCompile Include="..\Runtime\ThirdParty\imgui\examples\libs\gl3w\GL\gl3w.c">
      <Filter>ThirdParty\imgui\examples\libs\gl3w\GL</Filter>
    </ClCompile>
    <ClCompile Include="..\Runtime\c2PartVoxelSpace\VoxelTerrain.cpp">
      <Filter>c2PartVoxelSpace</Filter>
    </ClCompile>
    <ClCompile Include="..\Runtime\c2PartVoxelSpace\VoxelOctree.cpp">
      <Filter>c2PartVoxelSpace</Filter>
    </ClCompile>
    <ClCompile Include="..\Runtime\Render\Render.cpp">
      <Filter>Render</Filter>
    </ClCompile>
    <ClCompile Include="..\Runtime\c2PartVisual\c2PartLight.cpp">
      <Filter>c2PartVisual</Filter>
    </ClCompile>
    <ClCompile Include="..\Runtime\_c2Application\Event.cpp">
      <Filter>_c2Application</Filter>
    </ClCompile>
  </ItemGroup>
  <ItemGroup>
    <Filter Include="_c2Application">
      <UniqueIdentifier>{f568f275-b9c9-4eb9-aa29-92a6997c8a56}</UniqueIdentifier>
    </Filter>
    <Filter Include="_c2Command">
      <UniqueIdentifier>{0d81982c-9e10-4ac4-a5a0-249814c1f1c2}</UniqueIdentifier>
    </Filter>
    <Filter Include="_c2Debugger">
      <UniqueIdentifier>{5a24d493-4c50-4fca-aee5-bdcd253f4e9f}</UniqueIdentifier>
    </Filter>
    <Filter Include="_c2Filestream">
      <UniqueIdentifier>{38d7a9dd-9405-4dc6-bc12-4e61492fd103}</UniqueIdentifier>
    </Filter>
    <Filter Include="c2Foundation">
      <UniqueIdentifier>{17697c95-205f-42b9-b1c5-0056337584b0}</UniqueIdentifier>
    </Filter>
    <Filter Include="ThirdParty">
      <UniqueIdentifier>{8319f043-88fc-4556-bc09-e0f6440e591d}</UniqueIdentifier>
    </Filter>
    <Filter Include="ThirdParty\imgui">
      <UniqueIdentifier>{351e7136-0760-4a80-9dc6-f19a123052f6}</UniqueIdentifier>
    </Filter>
    <Filter Include="ThirdParty\imgui\examples">
      <UniqueIdentifier>{dae0113d-9124-4ffa-b121-ba3485244d34}</UniqueIdentifier>
    </Filter>
    <Filter Include="ThirdParty\imgui\docs">
      <UniqueIdentifier>{d3d4f608-1e33-459f-8bf8-6a8a91d724e4}</UniqueIdentifier>
    </Filter>
    <Filter Include="c2PartAudio">
      <UniqueIdentifier>{369671e2-2545-4d9c-b36d-6564a2b70395}</UniqueIdentifier>
    </Filter>
    <Filter Include="c2PartController">
      <UniqueIdentifier>{f836451e-504d-4618-ab32-6a94be555d6d}</UniqueIdentifier>
    </Filter>
    <Filter Include="c2PartInfoCollector">
      <UniqueIdentifier>{aaa70403-78bb-423a-b080-e5f97339a71b}</UniqueIdentifier>
    </Filter>
    <Filter Include="c2PartVisual">
      <UniqueIdentifier>{d31138b6-0a9b-4954-a1fd-7ed840c586ce}</UniqueIdentifier>
    </Filter>
    <Filter Include="Render">
      <UniqueIdentifier>{5f2e03eb-dbb0-4460-bc88-860e82cc553a}</UniqueIdentifier>
    </Filter>
    <Filter Include="c2PartSpacetree">
      <UniqueIdentifier>{a6edeb6b-846b-419e-829e-061774987dd4}</UniqueIdentifier>
    </Filter>
    <Filter Include="ThirdParty\glad">
      <UniqueIdentifier>{ba2f9440-bd8b-4882-bc55-3f97efcb8a7c}</UniqueIdentifier>
    </Filter>
    <Filter Include="ThirdParty\glad\KHR">
      <UniqueIdentifier>{2b705a75-768b-4aa5-b1ed-ab1879bf044c}</UniqueIdentifier>
    </Filter>
    <Filter Include="ThirdParty\glad\glad">
      <UniqueIdentifier>{8f68f034-6010-4971-a0a7-e9dbff02884d}</UniqueIdentifier>
    </Filter>
    <Filter Include="ThirdParty\glad\src">
      <UniqueIdentifier>{8155ba40-e9e2-4e8c-8110-f83130423617}</UniqueIdentifier>
    </Filter>
    <Filter Include="ThirdParty\EGL">
      <UniqueIdentifier>{6bd16d52-7ebb-485e-82d7-d85929bb5bf8}</UniqueIdentifier>
    </Filter>
    <Filter Include="ThirdParty\GLES3">
      <UniqueIdentifier>{d08bf770-9a51-4642-b0a6-6e63981e8b1d}</UniqueIdentifier>
    </Filter>
    <Filter Include="ThirdParty\imgui\examples\libs">
      <UniqueIdentifier>{1ed251c3-fc9e-40f8-8277-f00e6d1135bf}</UniqueIdentifier>
    </Filter>
    <Filter Include="ThirdParty\imgui\examples\libs\gl3w">
      <UniqueIdentifier>{19332c71-2264-463e-96c4-4c57a4c4a0ae}</UniqueIdentifier>
    </Filter>
    <Filter Include="ThirdParty\imgui\examples\libs\gl3w\GL">
      <UniqueIdentifier>{2ccf2872-8aa0-4121-a710-e8d4328ef813}</UniqueIdentifier>
    </Filter>
    <Filter Include="ThirdParty\stb">
      <UniqueIdentifier>{1c3793e9-27ce-4dff-9b15-a88bba11632c}</UniqueIdentifier>
    </Filter>
    <Filter Include="c2PartVoxelSpace">
      <UniqueIdentifier>{bf722249-c359-460a-b63f-2c8421b14c5e}</UniqueIdentifier>
    </Filter>
  </ItemGroup>
  <ItemGroup>
    <ClInclude Include="..\Runtime\_c2Debugger\Console.h">
      <Filter>_c2Debugger</Filter>
    </ClInclude>
    <ClInclude Include="..\Runtime\_c2Filestream\VFS.h">
      <Filter>_c2Filestream</Filter>
    </ClInclude>
    <ClInclude Include="..\Runtime\_c2Application\tsMemQueue.h">
      <Filter>_c2Application</Filter>
    </ClInclude>
    <ClInclude Include="..\Runtime\_c2Application\BrainTree.h">
      <Filter>_c2Application</Filter>
    </ClInclude>
    <ClInclude Include="..\Runtime\ThirdParty\imgui\imstb_truetype.h">
      <Filter>ThirdParty\imgui</Filter>
    </ClInclude>
    <ClInclude Include="..\Runtime\ThirdParty\imgui\imconfig.h">
      <Filter>ThirdParty\imgui</Filter>
    </ClInclude>
    <ClInclude Include="..\Runtime\ThirdParty\imgui\imgui.h">
      <Filter>ThirdParty\imgui</Filter>
    </ClInclude>
    <ClInclude Include="..\Runtime\ThirdParty\imgui\imgui_internal.h">
      <Filter>ThirdParty\imgui</Filter>
    </ClInclude>
    <ClInclude Include="..\Runtime\ThirdParty\imgui\imstb_rectpack.h">
      <Filter>ThirdParty\imgui</Filter>
    </ClInclude>
    <ClInclude Include="..\Runtime\ThirdParty\imgui\imstb_textedit.h">
      <Filter>ThirdParty\imgui</Filter>
    </ClInclude>
    <ClInclude Include="..\Runtime\ThirdParty\imgui\examples\imgui_impl_opengl3.h">
      <Filter>ThirdParty\imgui\examples</Filter>
    </ClInclude>
    <ClInclude Include="..\Runtime\ThirdParty\imgui\examples\imgui_impl_glfw.h">
      <Filter>ThirdParty\imgui\examples</Filter>
    </ClInclude>
    <ClInclude Include="..\Runtime\c2Application.h" />
    <ClInclude Include="..\Runtime\c2Debugger.h" />
    <ClInclude Include="..\Runtime\c2DefEvent.h" />
    <ClInclude Include="..\Runtime\c2Filestream.h" />
    <ClInclude Include="..\Runtime\c2PreDefined.h" />
    <ClInclude Include="..\Runtime\c2Foundation\OneRoute.h">
      <Filter>c2Foundation</Filter>
    </ClInclude>
    <ClInclude Include="..\Runtime\c2Foundation\c2Filestream.h">
      <Filter>c2Foundation</Filter>
    </ClInclude>
    <ClInclude Include="..\Runtime\c2Foundation\c2Part.h">
      <Filter>c2Foundation</Filter>
    </ClInclude>
    <ClInclude Include="..\Runtime\c2PartAudio\AudDevice.h">
      <Filter>c2PartAudio</Filter>
    </ClInclude>
    <ClInclude Include="..\Runtime\c2PartAudio\c2PartBGM.h">
      <Filter>c2PartAudio</Filter>
    </ClInclude>
    <ClInclude Include="..\Runtime\c2PartAudio\c2PartSFX.h">
      <Filter>c2PartAudio</Filter>
    </ClInclude>
    <ClInclude Include="..\Runtime\c2PartController\c2PartAnimation.h">
      <Filter>c2PartController</Filter>
    </ClInclude>
    <ClInclude Include="..\Runtime\c2PartSpacetree\c2Node.h">
      <Filter>c2PartSpacetree</Filter>
    </ClInclude>
    <ClInclude Include="..\Runtime\c2PartVisual\c2PartParticle.h">
      <Filter>c2PartVisual</Filter>
    </ClInclude>
    <ClInclude Include="..\Runtime\c2PartInfoCollector\c2PartNavigation.h">
      <Filter>c2PartInfoCollector</Filter>
    </ClInclude>
    <ClInclude Include="..\Runtime\Render\Material.h">
      <Filter>Render</Filter>
    </ClInclude>
    <ClInclude Include="..\Runtime\ThirdParty\glad\glad\glad.h">
      <Filter>ThirdParty\glad\glad</Filter>
    </ClInclude>
    <ClInclude Include="..\Runtime\ThirdParty\glad\KHR\khrplatform.h">
      <Filter>ThirdParty\glad\KHR</Filter>
    </ClInclude>
    <ClInclude Include="..\Runtime\ThirdParty\GLES3\gl3platform.h">
      <Filter>ThirdParty\GLES3</Filter>
    </ClInclude>
    <ClInclude Include="..\Runtime\ThirdParty\GLES3\gl3.h">
      <Filter>ThirdParty\GLES3</Filter>
    </ClInclude>
    <ClInclude Include="..\Runtime\ThirdParty\EGL\eglplatform.h">
      <Filter>ThirdParty\EGL</Filter>
    </ClInclude>
    <ClInclude Include="..\Runtime\ThirdParty\EGL\egl.h">
      <Filter>ThirdParty\EGL</Filter>
    </ClInclude>
    <ClInclude Include="..\Runtime\ThirdParty\EGL\eglext.h">
      <Filter>ThirdParty\EGL</Filter>
    </ClInclude>
    <ClInclude Include="..\Runtime\ThirdParty\imgui\examples\libs\gl3w\GL\glcorearb.h">
      <Filter>ThirdParty\imgui\examples\libs\gl3w\GL</Filter>
    </ClInclude>
    <ClInclude Include="..\Runtime\ThirdParty\imgui\examples\libs\gl3w\GL\gl3w.h">
      <Filter>ThirdParty\imgui\examples\libs\gl3w\GL</Filter>
    </ClInclude>
    <ClInclude Include="..\Runtime\ThirdParty\stb\stretchy_buffer.h">
      <Filter>ThirdParty\stb</Filter>
    </ClInclude>
    <ClInclude Include="..\Runtime\ThirdParty\stb\stb.h">
      <Filter>ThirdParty\stb</Filter>
    </ClInclude>
    <ClInclude Include="..\Runtime\ThirdParty\stb\stb_c_lexer.h">
      <Filter>ThirdParty\stb</Filter>
    </ClInclude>
    <ClInclude Include="..\Runtime\ThirdParty\stb\stb_connected_components.h">
      <Filter>ThirdParty\stb</Filter>
    </ClInclude>
    <ClInclude Include="..\Runtime\ThirdParty\stb\stb_divide.h">
      <Filter>ThirdParty\stb</Filter>
    </ClInclude>
    <ClInclude Include="..\Runtime\ThirdParty\stb\stb_dxt.h">
      <Filter>ThirdParty\stb</Filter>
    </ClInclude>
    <ClInclude Include="..\Runtime\ThirdParty\stb\stb_easy_font.h">
      <Filter>ThirdParty\stb</Filter>
    </ClInclude>
    <ClInclude Include="..\Runtime\ThirdParty\stb\stb_herringbone_wang_tile.h">
      <Filter>ThirdParty\stb</Filter>
    </ClInclude>
    <ClInclude Include="..\Runtime\ThirdParty\stb\stb_image.h">
      <Filter>ThirdParty\stb</Filter>
    </ClInclude>
    <ClInclude Include="..\Runtime\ThirdParty\stb\stb_image_resize.h">
      <Filter>ThirdParty\stb</Filter>
    </ClInclude>
    <ClInclude Include="..\Runtime\ThirdParty\stb\stb_image_write.h">
      <Filter>ThirdParty\stb</Filter>
    </ClInclude>
    <ClInclude Include="..\Runtime\ThirdParty\stb\stb_leakcheck.h">
      <Filter>ThirdParty\stb</Filter>
    </ClInclude>
    <ClInclude Include="..\Runtime\ThirdParty\stb\stb_perlin.h">
      <Filter>ThirdParty\stb</Filter>
    </ClInclude>
    <ClInclude Include="..\Runtime\ThirdParty\stb\stb_rect_pack.h">
      <Filter>ThirdParty\stb</Filter>
    </ClInclude>
    <ClInclude Include="..\Runtime\ThirdParty\stb\stb_sprintf.h">
      <Filter>ThirdParty\stb</Filter>
    </ClInclude>
    <ClInclude Include="..\Runtime\ThirdParty\stb\stb_textedit.h">
      <Filter>ThirdParty\stb</Filter>
    </ClInclude>
    <ClInclude Include="..\Runtime\ThirdParty\stb\stb_tilemap_editor.h">
      <Filter>ThirdParty\stb</Filter>
    </ClInclude>
    <ClInclude Include="..\Runtime\ThirdParty\stb\stb_truetype.h">
      <Filter>ThirdParty\stb</Filter>
    </ClInclude>
    <ClInclude Include="..\Runtime\ThirdParty\stb\stb_voxel_render.h">
      <Filter>ThirdParty\stb</Filter>
    </ClInclude>
    <ClInclude Include="..\Runtime\c2PartController\c2PartCamera.h">
      <Filter>c2PartController</Filter>
    </ClInclude>
    <ClInclude Include="..\Runtime\Render\Shader.h">
      <Filter>Render</Filter>
    </ClInclude>
    <ClInclude Include="..\Runtime\Render\Render.h">
      <Filter>Render</Filter>
    </ClInclude>
    <ClInclude Include="..\Runtime\c2PartVoxelSpace\VoxelOctree.h">
      <Filter>c2PartVoxelSpace</Filter>
    </ClInclude>
    <ClInclude Include="..\Runtime\c2PartVisual\c2PartLight.h">
      <Filter>c2PartVisual</Filter>
    </ClInclude>
  </ItemGroup>
  <ItemGroup>
    <Text Include="..\Runtime\_c2Debugger\CMakeLists.txt">
      <Filter>_c2Debugger</Filter>
    </Text>
    <Text Include="..\Runtime\_c2Activity\CMakeLists.txt">
      <Filter>_c2Application</Filter>
    </Text>
    <Text Include="..\Runtime\_c2Command\CMakeLists.txt">
      <Filter>_c2Command</Filter>
    </Text>
    <Text Include="..\Runtime\_c2Filestream\CMakeLists.txt">
      <Filter>_c2Filestream</Filter>
    </Text>
    <Text Include="..\Runtime\ThirdParty\imgui\docs\TODO.txt">
      <Filter>ThirdParty\imgui\docs</Filter>
    </Text>
    <Text Include="..\Runtime\ThirdParty\imgui\docs\CHANGELOG.txt">
      <Filter>ThirdParty\imgui\docs</Filter>
    </Text>
    <Text Include="..\Runtime\CMakeLists.txt" />
    <Text Include="..\Runtime\c2PartAudio\CMakeLists.txt">
      <Filter>c2PartAudio</Filter>
    </Text>
    <Text Include="..\Runtime\c2PartController\CMakeLists.txt">
      <Filter>c2PartController</Filter>
    </Text>
    <Text Include="..\Runtime\c2PartSpacetree\CMakeLists.txt">
      <Filter>c2PartSpacetree</Filter>
    </Text>
    <Text Include="..\Runtime\c2PartVisual\CMakeLists.txt">
      <Filter>c2PartVisual</Filter>
    </Text>
    <Text Include="..\Runtime\c2PartInfoCollector\CMakeLists.txt">
      <Filter>c2PartInfoCollector</Filter>
    </Text>
    <Text Include="..\Runtime\Render\CMakeLists.txt">
      <Filter>Render</Filter>
    </Text>
  </ItemGroup>
</Project>