<?xml version="1.0" encoding="utf-8"?>
<Project ToolsVersion="4.0" xmlns="http://schemas.microsoft.com/developer/msbuild/2003">
  <ItemGroup>
    <None Include="..\README.md" />
    <None Include="..\Creator\README.md">
      <Filter>Creator</Filter>
    </None>
  </ItemGroup>
  <ItemGroup>
    <ClCompile Include="..\Creator\Main.cpp">
      <Filter>Creator</Filter>
    </ClCompile>
    <ClCompile Include="..\Runtime\_c2Event\c2Event.cpp">
      <Filter>Runtime\_c2Event</Filter>
    </ClCompile>
    <ClCompile Include="..\Runtime\Metas\_Factory.cpp">
      <Filter>Runtime\Metas</Filter>
    </ClCompile>
  </ItemGroup>
  <ItemGroup>
    <Filter Include="Creator">
      <UniqueIdentifier>{6cbf54f4-3e01-4cd7-b6aa-2029e23ac61a}</UniqueIdentifier>
    </Filter>
    <Filter Include="Runtime">
      <UniqueIdentifier>{9464ae04-ab26-44ca-9561-2abeeb8e790b}</UniqueIdentifier>
    </Filter>
    <Filter Include="Runtime\Metas">
      <UniqueIdentifier>{5555ead9-23ba-4ce0-b02e-9f6b36e38a58}</UniqueIdentifier>
    </Filter>
    <Filter Include="Runtime\_c2Event">
      <UniqueIdentifier>{f568f275-b9c9-4eb9-aa29-92a6997c8a56}</UniqueIdentifier>
    </Filter>
  </ItemGroup>
  <ItemGroup>
    <ClInclude Include="..\Runtime\Metas\_defined.h">
      <Filter>Runtime\Metas</Filter>
    </ClInclude>
    <ClInclude Include="..\Runtime\Metas\OneRoute.h">
      <Filter>Runtime\Metas</Filter>
    </ClInclude>
    <ClInclude Include="..\Runtime\Metas\Part.h">
      <Filter>Runtime\Metas</Filter>
    </ClInclude>
    <ClInclude Include="..\Runtime\c2Event.h">
      <Filter>Runtime</Filter>
    </ClInclude>
  </ItemGroup>
</Project>